
Microsoft Visual Studio Solution File, Format Version 11.00
# Visual Studio 2010
Project("{2150E333-8FDC-42A3-9474-1A3956D46DE8}") = "Core", "Core", "{8B00477A-BD08-422C-8ACF-BEA4A0004CEA}"
EndProject
Project("{FAE04EC0-301F-11D3-BF4B-00C04F79EFBC}") = "Schumix.Irc", "Core\Schumix.Irc\Schumix.Irc.csproj", "{18A1CAAD-C3E8-4A0E-B9DB-C0B0F3859128}"
EndProject
Project("{FAE04EC0-301F-11D3-BF4B-00C04F79EFBC}") = "Schumix.Framework", "Core\Schumix.Framework\Schumix.Framework.csproj", "{B493EC79-3FD8-4F84-9BF8-69BDF3297DEA}"
EndProject
Project("{FAE04EC0-301F-11D3-BF4B-00C04F79EFBC}") = "Schumix.Api", "Core\Schumix.Api\Schumix.Api.csproj", "{A346B21F-17F6-431D-86B7-7B6B2AF02A13}"
EndProject
Project("{2150E333-8FDC-42A3-9474-1A3956D46DE8}") = "Applications", "Applications", "{302D248E-FD07-4FF3-A935-38EAA7256379}"
EndProject
Project("{FAE04EC0-301F-11D3-BF4B-00C04F79EFBC}") = "Schumix", "Applications\Schumix\Schumix.csproj", "{CBAB674C-120D-4E4E-90CB-FCCC61B845B3}"
EndProject
Project("{FAE04EC0-301F-11D3-BF4B-00C04F79EFBC}") = "Schumix.Config", "Applications\Schumix.Config\Schumix.Config.csproj", "{9C4977CA-548F-4863-B057-259A9458483B}"
EndProject
Project("{FAE04EC0-301F-11D3-BF4B-00C04F79EFBC}") = "Schumix.Installer", "Applications\Schumix.Installer\Schumix.Installer.csproj", "{4D468489-A781-4C55-A7F6-372335686437}"
EndProject
Project("{FAE04EC0-301F-11D3-BF4B-00C04F79EFBC}") = "Schumix.Server", "Applications\Schumix.Server\Schumix.Server.csproj", "{B57F5CBD-3E27-4213-8202-103B75765BDC}"
EndProject
Project("{2150E333-8FDC-42A3-9474-1A3956D46DE8}") = "Libraries", "Libraries", "{A82C6ED9-C26B-46A2-B168-5165F230C02B}"
EndProject
Project("{FAE04EC0-301F-11D3-BF4B-00C04F79EFBC}") = "WolframAPI", "Libraries\WolframAPI\WolframAPI.csproj", "{988DBA54-C500-47AF-B31C-BE12EA83E4AA}"
EndProject
Project("{FAE04EC0-301F-11D3-BF4B-00C04F79EFBC}") = "KopiLua", "External\LuaInterface\Core\KopiLua\KopiLua.csproj", "{E8DDBC21-EF74-4ABA-9C49-BFC702BE25D8}"
EndProject
Project("{FAE04EC0-301F-11D3-BF4B-00C04F79EFBC}") = "LuaInterface", "External\LuaInterface\Core\LuaInterface\LuaInterface.csproj", "{F55CABBB-4108-4A39-94E1-581FD46DC021}"
EndProject
Project("{2150E333-8FDC-42A3-9474-1A3956D46DE8}") = "Addons", "Addons", "{AD8E40DF-384D-4FF0-ABA9-91A956F38867}"
EndProject
Project("{FAE04EC0-301F-11D3-BF4B-00C04F79EFBC}") = "Schumix.TestAddon", "Addons\Schumix.TestAddon\Schumix.TestAddon.csproj", "{062B6A8C-F14A-4754-81E0-66BF1E557CEF}"
EndProject
Project("{FAE04EC0-301F-11D3-BF4B-00C04F79EFBC}") = "Schumix.RevisionAddon", "Addons\Schumix.RevisionAddon\Schumix.RevisionAddon.csproj", "{1079D7FE-800A-409C-AE4D-9EC577DCE8DF}"
EndProject
Project("{FAE04EC0-301F-11D3-BF4B-00C04F79EFBC}") = "Schumix.WordPressRssAddon", "Addons\Schumix.WordPressRssAddon\Schumix.WordPressRssAddon.csproj", "{4B29F2CB-D6CC-48E1-8A64-3A78D845BFB7}"
EndProject
Project("{FAE04EC0-301F-11D3-BF4B-00C04F79EFBC}") = "Schumix.SvnRssAddon", "Addons\Schumix.SvnRssAddon\Schumix.SvnRssAddon.csproj", "{B16E08ED-1366-4EC9-9C7C-9D724EF2F3C2}"
EndProject
Project("{FAE04EC0-301F-11D3-BF4B-00C04F79EFBC}") = "Schumix.MantisBTRssAddon", "Addons\Schumix.MantisBTRssAddon\Schumix.MantisBTRssAddon.csproj", "{DFA447DF-89AD-479F-856D-CA18007FE45E}"
EndProject
Project("{FAE04EC0-301F-11D3-BF4B-00C04F79EFBC}") = "Schumix.ChatterBotAddon", "Addons\Schumix.ChatterBotAddon\Schumix.ChatterBotAddon.csproj", "{3F0720FD-2007-4031-8263-F2DC5FFCB554}"
EndProject
Project("{FAE04EC0-301F-11D3-BF4B-00C04F79EFBC}") = "Schumix.CompilerAddon", "Addons\Schumix.CompilerAddon\Schumix.CompilerAddon.csproj", "{8BFD953F-8C81-4E6C-9113-6DC842F6488A}"
EndProject
Project("{FAE04EC0-301F-11D3-BF4B-00C04F79EFBC}") = "Schumix.HgRssAddon", "Addons\Schumix.HgRssAddon\Schumix.HgRssAddon.csproj", "{DE409C76-0C99-49AE-BB95-5CA1AD968B13}"
EndProject
Project("{FAE04EC0-301F-11D3-BF4B-00C04F79EFBC}") = "Schumix.GitRssAddon", "Addons\Schumix.GitRssAddon\Schumix.GitRssAddon.csproj", "{BE632D14-8F0A-4789-BE7A-63D8024FB855}"
EndProject
Project("{FAE04EC0-301F-11D3-BF4B-00C04F79EFBC}") = "Schumix.CalendarAddon", "Addons\Schumix.CalendarAddon\Schumix.CalendarAddon.csproj", "{E9EBE8DA-CEE7-45CF-B2F5-FD060268BD32}"
EndProject
Project("{FAE04EC0-301F-11D3-BF4B-00C04F79EFBC}") = "Schumix.GameAddon", "Addons\Schumix.GameAddon\Schumix.GameAddon.csproj", "{8A73D51A-F4BB-41EC-B811-8A82D91FCF5B}"
EndProject
Project("{FAE04EC0-301F-11D3-BF4B-00C04F79EFBC}") = "Schumix.ExtraAddon", "Addons\Schumix.ExtraAddon\Schumix.ExtraAddon.csproj", "{9BDBD8CA-119B-4AA7-8B8E-9F0E5CFC2BE8}"
EndProject
Project("{2150E333-8FDC-42A3-9474-1A3956D46DE8}") = "Components", "Components", "{FE6B61BA-EE52-4FC0-95DF-7B093FE6BEDE}"
EndProject
Project("{FAE04EC0-301F-11D3-BF4B-00C04F79EFBC}") = "Schumix.Libraries", "Components\Schumix.Libraries\Schumix.Libraries.csproj", "{E762D05E-DAA3-4D40-9547-5F8062312D8C}"
EndProject
Project("{FAE04EC0-301F-11D3-BF4B-00C04F79EFBC}") = "Schumix.Updater", "Components\Schumix.Updater\Schumix.Updater.csproj", "{33ABC53E-F210-442F-B4F7-D0A7642F2584}"
EndProject
Project("{FAE04EC0-301F-11D3-BF4B-00C04F79EFBC}") = "Schumix.LuaEngine", "Components\Schumix.LuaEngine\Schumix.LuaEngine.csproj", "{D6E5F82D-5385-45AD-A0D1-1091EC6A5393}"
EndProject
Project("{FAE04EC0-301F-11D3-BF4B-00C04F79EFBC}") = "Schumix.PythonEngine", "Components\Schumix.PythonEngine\Schumix.PythonEngine.csproj", "{D16FC33B-7EE9-4078-90A6-FB1A927F6A0B}"
EndProject
Project("{9344bdbb-3e7f-41fc-a0dd-8665d75ee146}") = "Po", "Po\Po.csproj", "{707DC067-8EC1-4F4E-A83C-0C33E21E8E8C}"
EndProject
Global
	GlobalSection(SolutionConfigurationPlatforms) = preSolution
		Debug|x86 = Debug|x86
		Release|x86 = Release|x86
		Debug|x64 = Debug|x64
		Release|x64 = Release|x64
	EndGlobalSection
	GlobalSection(ProjectConfigurationPlatforms) = postSolution
		{062B6A8C-F14A-4754-81E0-66BF1E557CEF}.Debug|x64.ActiveCfg = Debug|x64
		{062B6A8C-F14A-4754-81E0-66BF1E557CEF}.Debug|x64.Build.0 = Debug|x64
		{062B6A8C-F14A-4754-81E0-66BF1E557CEF}.Debug|x86.ActiveCfg = Debug|x86
		{062B6A8C-F14A-4754-81E0-66BF1E557CEF}.Debug|x86.Build.0 = Debug|x86
		{062B6A8C-F14A-4754-81E0-66BF1E557CEF}.Release|x64.ActiveCfg = Release|x64
		{062B6A8C-F14A-4754-81E0-66BF1E557CEF}.Release|x64.Build.0 = Release|x64
		{062B6A8C-F14A-4754-81E0-66BF1E557CEF}.Release|x86.ActiveCfg = Release|x86
		{062B6A8C-F14A-4754-81E0-66BF1E557CEF}.Release|x86.Build.0 = Release|x86
		{1079D7FE-800A-409C-AE4D-9EC577DCE8DF}.Debug|x64.ActiveCfg = Debug|x64
		{1079D7FE-800A-409C-AE4D-9EC577DCE8DF}.Debug|x64.Build.0 = Debug|x64
		{1079D7FE-800A-409C-AE4D-9EC577DCE8DF}.Debug|x86.ActiveCfg = Debug|x86
		{1079D7FE-800A-409C-AE4D-9EC577DCE8DF}.Debug|x86.Build.0 = Debug|x86
		{1079D7FE-800A-409C-AE4D-9EC577DCE8DF}.Release|x64.ActiveCfg = Release|x64
		{1079D7FE-800A-409C-AE4D-9EC577DCE8DF}.Release|x64.Build.0 = Release|x64
		{1079D7FE-800A-409C-AE4D-9EC577DCE8DF}.Release|x86.ActiveCfg = Release|x86
		{1079D7FE-800A-409C-AE4D-9EC577DCE8DF}.Release|x86.Build.0 = Release|x86
		{18A1CAAD-C3E8-4A0E-B9DB-C0B0F3859128}.Debug|x64.ActiveCfg = Debug|x64
		{18A1CAAD-C3E8-4A0E-B9DB-C0B0F3859128}.Debug|x64.Build.0 = Debug|x64
		{18A1CAAD-C3E8-4A0E-B9DB-C0B0F3859128}.Debug|x86.ActiveCfg = Debug|x86
		{18A1CAAD-C3E8-4A0E-B9DB-C0B0F3859128}.Debug|x86.Build.0 = Debug|x86
		{18A1CAAD-C3E8-4A0E-B9DB-C0B0F3859128}.Release|x64.ActiveCfg = Release|x64
		{18A1CAAD-C3E8-4A0E-B9DB-C0B0F3859128}.Release|x64.Build.0 = Release|x64
		{18A1CAAD-C3E8-4A0E-B9DB-C0B0F3859128}.Release|x86.ActiveCfg = Release|x86
		{18A1CAAD-C3E8-4A0E-B9DB-C0B0F3859128}.Release|x86.Build.0 = Release|x86
		{33ABC53E-F210-442F-B4F7-D0A7642F2584}.Debug|x64.ActiveCfg = Debug|x64
		{33ABC53E-F210-442F-B4F7-D0A7642F2584}.Debug|x64.Build.0 = Debug|x64
		{33ABC53E-F210-442F-B4F7-D0A7642F2584}.Debug|x86.ActiveCfg = Debug|x86
		{33ABC53E-F210-442F-B4F7-D0A7642F2584}.Debug|x86.Build.0 = Debug|x86
		{33ABC53E-F210-442F-B4F7-D0A7642F2584}.Release|x64.ActiveCfg = Release|x64
		{33ABC53E-F210-442F-B4F7-D0A7642F2584}.Release|x64.Build.0 = Release|x64
		{33ABC53E-F210-442F-B4F7-D0A7642F2584}.Release|x86.ActiveCfg = Release|x86
		{33ABC53E-F210-442F-B4F7-D0A7642F2584}.Release|x86.Build.0 = Release|x86
		{3F0720FD-2007-4031-8263-F2DC5FFCB554}.Debug|x64.ActiveCfg = Debug|x64
		{3F0720FD-2007-4031-8263-F2DC5FFCB554}.Debug|x64.Build.0 = Debug|x64
		{3F0720FD-2007-4031-8263-F2DC5FFCB554}.Debug|x86.ActiveCfg = Debug|x86
		{3F0720FD-2007-4031-8263-F2DC5FFCB554}.Debug|x86.Build.0 = Debug|x86
		{3F0720FD-2007-4031-8263-F2DC5FFCB554}.Release|x64.ActiveCfg = Release|x64
		{3F0720FD-2007-4031-8263-F2DC5FFCB554}.Release|x64.Build.0 = Release|x64
		{3F0720FD-2007-4031-8263-F2DC5FFCB554}.Release|x86.ActiveCfg = Release|x86
		{3F0720FD-2007-4031-8263-F2DC5FFCB554}.Release|x86.Build.0 = Release|x86
		{4B29F2CB-D6CC-48E1-8A64-3A78D845BFB7}.Debug|x64.ActiveCfg = Debug|x64
		{4B29F2CB-D6CC-48E1-8A64-3A78D845BFB7}.Debug|x64.Build.0 = Debug|x64
		{4B29F2CB-D6CC-48E1-8A64-3A78D845BFB7}.Debug|x86.ActiveCfg = Debug|x86
		{4B29F2CB-D6CC-48E1-8A64-3A78D845BFB7}.Debug|x86.Build.0 = Debug|x86
		{4B29F2CB-D6CC-48E1-8A64-3A78D845BFB7}.Release|x64.ActiveCfg = Release|x64
		{4B29F2CB-D6CC-48E1-8A64-3A78D845BFB7}.Release|x64.Build.0 = Release|x64
		{4B29F2CB-D6CC-48E1-8A64-3A78D845BFB7}.Release|x86.ActiveCfg = Release|x86
		{4B29F2CB-D6CC-48E1-8A64-3A78D845BFB7}.Release|x86.Build.0 = Release|x86
		{4D468489-A781-4C55-A7F6-372335686437}.Debug|x64.ActiveCfg = Debug|x64
		{4D468489-A781-4C55-A7F6-372335686437}.Debug|x64.Build.0 = Debug|x64
		{4D468489-A781-4C55-A7F6-372335686437}.Debug|x86.ActiveCfg = Debug|x86
		{4D468489-A781-4C55-A7F6-372335686437}.Debug|x86.Build.0 = Debug|x86
		{4D468489-A781-4C55-A7F6-372335686437}.Release|x64.ActiveCfg = Release|x64
		{4D468489-A781-4C55-A7F6-372335686437}.Release|x64.Build.0 = Release|x64
		{4D468489-A781-4C55-A7F6-372335686437}.Release|x86.ActiveCfg = Release|x86
		{4D468489-A781-4C55-A7F6-372335686437}.Release|x86.Build.0 = Release|x86
		{707DC067-8EC1-4F4E-A83C-0C33E21E8E8C}.Debug|x64.ActiveCfg = Debug|x64
		{707DC067-8EC1-4F4E-A83C-0C33E21E8E8C}.Debug|x64.Build.0 = Debug|x64
		{707DC067-8EC1-4F4E-A83C-0C33E21E8E8C}.Debug|x86.ActiveCfg = Debug|x86
		{707DC067-8EC1-4F4E-A83C-0C33E21E8E8C}.Debug|x86.Build.0 = Debug|x86
		{707DC067-8EC1-4F4E-A83C-0C33E21E8E8C}.Release|x64.ActiveCfg = Release|x64
		{707DC067-8EC1-4F4E-A83C-0C33E21E8E8C}.Release|x64.Build.0 = Release|x64
		{707DC067-8EC1-4F4E-A83C-0C33E21E8E8C}.Release|x86.ActiveCfg = Release|x86
		{707DC067-8EC1-4F4E-A83C-0C33E21E8E8C}.Release|x86.Build.0 = Release|x86
		{8A73D51A-F4BB-41EC-B811-8A82D91FCF5B}.Debug|x64.ActiveCfg = Debug|x64
		{8A73D51A-F4BB-41EC-B811-8A82D91FCF5B}.Debug|x64.Build.0 = Debug|x64
		{8A73D51A-F4BB-41EC-B811-8A82D91FCF5B}.Debug|x86.ActiveCfg = Debug|x86
		{8A73D51A-F4BB-41EC-B811-8A82D91FCF5B}.Debug|x86.Build.0 = Debug|x86
		{8A73D51A-F4BB-41EC-B811-8A82D91FCF5B}.Release|x64.ActiveCfg = Release|x64
		{8A73D51A-F4BB-41EC-B811-8A82D91FCF5B}.Release|x64.Build.0 = Release|x64
		{8A73D51A-F4BB-41EC-B811-8A82D91FCF5B}.Release|x86.ActiveCfg = Release|x86
		{8A73D51A-F4BB-41EC-B811-8A82D91FCF5B}.Release|x86.Build.0 = Release|x86
		{8BFD953F-8C81-4E6C-9113-6DC842F6488A}.Debug|x64.ActiveCfg = Debug|x64
		{8BFD953F-8C81-4E6C-9113-6DC842F6488A}.Debug|x64.Build.0 = Debug|x64
		{8BFD953F-8C81-4E6C-9113-6DC842F6488A}.Debug|x86.ActiveCfg = Debug|x86
		{8BFD953F-8C81-4E6C-9113-6DC842F6488A}.Debug|x86.Build.0 = Debug|x86
		{8BFD953F-8C81-4E6C-9113-6DC842F6488A}.Release|x64.ActiveCfg = Release|x64
		{8BFD953F-8C81-4E6C-9113-6DC842F6488A}.Release|x64.Build.0 = Release|x64
		{8BFD953F-8C81-4E6C-9113-6DC842F6488A}.Release|x86.ActiveCfg = Release|x86
		{8BFD953F-8C81-4E6C-9113-6DC842F6488A}.Release|x86.Build.0 = Release|x86
		{988DBA54-C500-47AF-B31C-BE12EA83E4AA}.Debug|x64.ActiveCfg = Debug|x64
		{988DBA54-C500-47AF-B31C-BE12EA83E4AA}.Debug|x64.Build.0 = Debug|x64
		{988DBA54-C500-47AF-B31C-BE12EA83E4AA}.Debug|x86.ActiveCfg = Debug|x86
		{988DBA54-C500-47AF-B31C-BE12EA83E4AA}.Debug|x86.Build.0 = Debug|x86
		{988DBA54-C500-47AF-B31C-BE12EA83E4AA}.Release|x64.ActiveCfg = Release|x64
		{988DBA54-C500-47AF-B31C-BE12EA83E4AA}.Release|x64.Build.0 = Release|x64
		{988DBA54-C500-47AF-B31C-BE12EA83E4AA}.Release|x86.ActiveCfg = Release|x86
		{988DBA54-C500-47AF-B31C-BE12EA83E4AA}.Release|x86.Build.0 = Release|x86
		{9BDBD8CA-119B-4AA7-8B8E-9F0E5CFC2BE8}.Debug|x64.ActiveCfg = Debug|x64
		{9BDBD8CA-119B-4AA7-8B8E-9F0E5CFC2BE8}.Debug|x64.Build.0 = Debug|x64
		{9BDBD8CA-119B-4AA7-8B8E-9F0E5CFC2BE8}.Debug|x86.ActiveCfg = Debug|x86
		{9BDBD8CA-119B-4AA7-8B8E-9F0E5CFC2BE8}.Debug|x86.Build.0 = Debug|x86
		{9BDBD8CA-119B-4AA7-8B8E-9F0E5CFC2BE8}.Release|x64.ActiveCfg = Release|x64
		{9BDBD8CA-119B-4AA7-8B8E-9F0E5CFC2BE8}.Release|x64.Build.0 = Release|x64
		{9BDBD8CA-119B-4AA7-8B8E-9F0E5CFC2BE8}.Release|x86.ActiveCfg = Release|x86
		{9BDBD8CA-119B-4AA7-8B8E-9F0E5CFC2BE8}.Release|x86.Build.0 = Release|x86
		{9C4977CA-548F-4863-B057-259A9458483B}.Debug|x64.ActiveCfg = Debug|x64
		{9C4977CA-548F-4863-B057-259A9458483B}.Debug|x64.Build.0 = Debug|x64
		{9C4977CA-548F-4863-B057-259A9458483B}.Debug|x86.ActiveCfg = Debug|x86
		{9C4977CA-548F-4863-B057-259A9458483B}.Debug|x86.Build.0 = Debug|x86
		{9C4977CA-548F-4863-B057-259A9458483B}.Release|x64.ActiveCfg = Release|x64
		{9C4977CA-548F-4863-B057-259A9458483B}.Release|x64.Build.0 = Release|x64
		{9C4977CA-548F-4863-B057-259A9458483B}.Release|x86.ActiveCfg = Release|x86
		{9C4977CA-548F-4863-B057-259A9458483B}.Release|x86.Build.0 = Release|x86
		{A346B21F-17F6-431D-86B7-7B6B2AF02A13}.Debug|x64.ActiveCfg = Debug|x64
		{A346B21F-17F6-431D-86B7-7B6B2AF02A13}.Debug|x64.Build.0 = Debug|x64
		{A346B21F-17F6-431D-86B7-7B6B2AF02A13}.Debug|x86.ActiveCfg = Debug|x86
		{A346B21F-17F6-431D-86B7-7B6B2AF02A13}.Debug|x86.Build.0 = Debug|x86
		{A346B21F-17F6-431D-86B7-7B6B2AF02A13}.Release|x64.ActiveCfg = Release|x64
		{A346B21F-17F6-431D-86B7-7B6B2AF02A13}.Release|x64.Build.0 = Release|x64
		{A346B21F-17F6-431D-86B7-7B6B2AF02A13}.Release|x86.ActiveCfg = Release|x86
		{A346B21F-17F6-431D-86B7-7B6B2AF02A13}.Release|x86.Build.0 = Release|x86
		{B16E08ED-1366-4EC9-9C7C-9D724EF2F3C2}.Debug|x64.ActiveCfg = Debug|x64
		{B16E08ED-1366-4EC9-9C7C-9D724EF2F3C2}.Debug|x64.Build.0 = Debug|x64
		{B16E08ED-1366-4EC9-9C7C-9D724EF2F3C2}.Debug|x86.ActiveCfg = Debug|x86
		{B16E08ED-1366-4EC9-9C7C-9D724EF2F3C2}.Debug|x86.Build.0 = Debug|x86
		{B16E08ED-1366-4EC9-9C7C-9D724EF2F3C2}.Release|x64.ActiveCfg = Release|x64
		{B16E08ED-1366-4EC9-9C7C-9D724EF2F3C2}.Release|x64.Build.0 = Release|x64
		{B16E08ED-1366-4EC9-9C7C-9D724EF2F3C2}.Release|x86.ActiveCfg = Release|x86
		{B16E08ED-1366-4EC9-9C7C-9D724EF2F3C2}.Release|x86.Build.0 = Release|x86
		{B493EC79-3FD8-4F84-9BF8-69BDF3297DEA}.Debug|x64.ActiveCfg = Debug|x64
		{B493EC79-3FD8-4F84-9BF8-69BDF3297DEA}.Debug|x64.Build.0 = Debug|x64
		{B493EC79-3FD8-4F84-9BF8-69BDF3297DEA}.Debug|x86.ActiveCfg = Debug|x86
		{B493EC79-3FD8-4F84-9BF8-69BDF3297DEA}.Debug|x86.Build.0 = Debug|x86
		{B493EC79-3FD8-4F84-9BF8-69BDF3297DEA}.Release|x64.ActiveCfg = Release|x64
		{B493EC79-3FD8-4F84-9BF8-69BDF3297DEA}.Release|x64.Build.0 = Release|x64
		{B493EC79-3FD8-4F84-9BF8-69BDF3297DEA}.Release|x86.ActiveCfg = Release|x86
		{B493EC79-3FD8-4F84-9BF8-69BDF3297DEA}.Release|x86.Build.0 = Release|x86
		{B57F5CBD-3E27-4213-8202-103B75765BDC}.Debug|x64.ActiveCfg = Debug|x64
		{B57F5CBD-3E27-4213-8202-103B75765BDC}.Debug|x64.Build.0 = Debug|x64
		{B57F5CBD-3E27-4213-8202-103B75765BDC}.Debug|x86.ActiveCfg = Debug|x86
		{B57F5CBD-3E27-4213-8202-103B75765BDC}.Debug|x86.Build.0 = Debug|x86
		{B57F5CBD-3E27-4213-8202-103B75765BDC}.Release|x64.ActiveCfg = Release|x64
		{B57F5CBD-3E27-4213-8202-103B75765BDC}.Release|x64.Build.0 = Release|x64
		{B57F5CBD-3E27-4213-8202-103B75765BDC}.Release|x86.ActiveCfg = Release|x86
		{B57F5CBD-3E27-4213-8202-103B75765BDC}.Release|x86.Build.0 = Release|x86
		{BE632D14-8F0A-4789-BE7A-63D8024FB855}.Debug|x64.ActiveCfg = Debug|x64
		{BE632D14-8F0A-4789-BE7A-63D8024FB855}.Debug|x64.Build.0 = Debug|x64
		{BE632D14-8F0A-4789-BE7A-63D8024FB855}.Debug|x86.ActiveCfg = Debug|x86
		{BE632D14-8F0A-4789-BE7A-63D8024FB855}.Debug|x86.Build.0 = Debug|x86
		{BE632D14-8F0A-4789-BE7A-63D8024FB855}.Release|x64.ActiveCfg = Release|x64
		{BE632D14-8F0A-4789-BE7A-63D8024FB855}.Release|x64.Build.0 = Release|x64
		{BE632D14-8F0A-4789-BE7A-63D8024FB855}.Release|x86.ActiveCfg = Release|x86
		{BE632D14-8F0A-4789-BE7A-63D8024FB855}.Release|x86.Build.0 = Release|x86
		{CBAB674C-120D-4E4E-90CB-FCCC61B845B3}.Debug|x64.ActiveCfg = Debug|x64
		{CBAB674C-120D-4E4E-90CB-FCCC61B845B3}.Debug|x64.Build.0 = Debug|x64
		{CBAB674C-120D-4E4E-90CB-FCCC61B845B3}.Debug|x86.ActiveCfg = Debug|x86
		{CBAB674C-120D-4E4E-90CB-FCCC61B845B3}.Debug|x86.Build.0 = Debug|x86
		{CBAB674C-120D-4E4E-90CB-FCCC61B845B3}.Release|x64.ActiveCfg = Release|x64
		{CBAB674C-120D-4E4E-90CB-FCCC61B845B3}.Release|x64.Build.0 = Release|x64
		{CBAB674C-120D-4E4E-90CB-FCCC61B845B3}.Release|x86.ActiveCfg = Release|x86
		{CBAB674C-120D-4E4E-90CB-FCCC61B845B3}.Release|x86.Build.0 = Release|x86
		{D16FC33B-7EE9-4078-90A6-FB1A927F6A0B}.Debug|x64.ActiveCfg = Debug|x64
		{D16FC33B-7EE9-4078-90A6-FB1A927F6A0B}.Debug|x64.Build.0 = Debug|x64
		{D16FC33B-7EE9-4078-90A6-FB1A927F6A0B}.Debug|x86.ActiveCfg = Debug|x86
		{D16FC33B-7EE9-4078-90A6-FB1A927F6A0B}.Debug|x86.Build.0 = Debug|x86
		{D16FC33B-7EE9-4078-90A6-FB1A927F6A0B}.Release|x64.ActiveCfg = Release|x64
		{D16FC33B-7EE9-4078-90A6-FB1A927F6A0B}.Release|x64.Build.0 = Release|x64
		{D16FC33B-7EE9-4078-90A6-FB1A927F6A0B}.Release|x86.ActiveCfg = Release|x86
		{D16FC33B-7EE9-4078-90A6-FB1A927F6A0B}.Release|x86.Build.0 = Release|x86
		{D6E5F82D-5385-45AD-A0D1-1091EC6A5393}.Debug|x64.ActiveCfg = Debug|x64
		{D6E5F82D-5385-45AD-A0D1-1091EC6A5393}.Debug|x64.Build.0 = Debug|x64
		{D6E5F82D-5385-45AD-A0D1-1091EC6A5393}.Debug|x86.ActiveCfg = Debug|x86
		{D6E5F82D-5385-45AD-A0D1-1091EC6A5393}.Debug|x86.Build.0 = Debug|x86
		{D6E5F82D-5385-45AD-A0D1-1091EC6A5393}.Release|x64.ActiveCfg = Release|x64
		{D6E5F82D-5385-45AD-A0D1-1091EC6A5393}.Release|x64.Build.0 = Release|x64
		{D6E5F82D-5385-45AD-A0D1-1091EC6A5393}.Release|x86.ActiveCfg = Release|x86
		{D6E5F82D-5385-45AD-A0D1-1091EC6A5393}.Release|x86.Build.0 = Release|x86
		{DE409C76-0C99-49AE-BB95-5CA1AD968B13}.Debug|x64.ActiveCfg = Debug|x64
		{DE409C76-0C99-49AE-BB95-5CA1AD968B13}.Debug|x64.Build.0 = Debug|x64
		{DE409C76-0C99-49AE-BB95-5CA1AD968B13}.Debug|x86.ActiveCfg = Debug|x86
		{DE409C76-0C99-49AE-BB95-5CA1AD968B13}.Debug|x86.Build.0 = Debug|x86
		{DE409C76-0C99-49AE-BB95-5CA1AD968B13}.Release|x64.ActiveCfg = Release|x64
		{DE409C76-0C99-49AE-BB95-5CA1AD968B13}.Release|x64.Build.0 = Release|x64
		{DE409C76-0C99-49AE-BB95-5CA1AD968B13}.Release|x86.ActiveCfg = Release|x86
		{DE409C76-0C99-49AE-BB95-5CA1AD968B13}.Release|x86.Build.0 = Release|x86
		{DFA447DF-89AD-479F-856D-CA18007FE45E}.Debug|x64.ActiveCfg = Debug|x64
		{DFA447DF-89AD-479F-856D-CA18007FE45E}.Debug|x64.Build.0 = Debug|x64
		{DFA447DF-89AD-479F-856D-CA18007FE45E}.Debug|x86.ActiveCfg = Debug|x86
		{DFA447DF-89AD-479F-856D-CA18007FE45E}.Debug|x86.Build.0 = Debug|x86
		{DFA447DF-89AD-479F-856D-CA18007FE45E}.Release|x64.ActiveCfg = Release|x64
		{DFA447DF-89AD-479F-856D-CA18007FE45E}.Release|x64.Build.0 = Release|x64
		{DFA447DF-89AD-479F-856D-CA18007FE45E}.Release|x86.ActiveCfg = Release|x86
		{DFA447DF-89AD-479F-856D-CA18007FE45E}.Release|x86.Build.0 = Release|x86
		{E762D05E-DAA3-4D40-9547-5F8062312D8C}.Debug|x64.ActiveCfg = Debug|x64
		{E762D05E-DAA3-4D40-9547-5F8062312D8C}.Debug|x64.Build.0 = Debug|x64
		{E762D05E-DAA3-4D40-9547-5F8062312D8C}.Debug|x86.ActiveCfg = Debug|x86
		{E762D05E-DAA3-4D40-9547-5F8062312D8C}.Debug|x86.Build.0 = Debug|x86
		{E762D05E-DAA3-4D40-9547-5F8062312D8C}.Release|x64.ActiveCfg = Release|x64
		{E762D05E-DAA3-4D40-9547-5F8062312D8C}.Release|x64.Build.0 = Release|x64
		{E762D05E-DAA3-4D40-9547-5F8062312D8C}.Release|x86.ActiveCfg = Release|x86
		{E762D05E-DAA3-4D40-9547-5F8062312D8C}.Release|x86.Build.0 = Release|x86
		{E8DDBC21-EF74-4ABA-9C49-BFC702BE25D8}.Debug|x64.ActiveCfg = Debug|x64
		{E8DDBC21-EF74-4ABA-9C49-BFC702BE25D8}.Debug|x64.Build.0 = Debug|x64
		{E8DDBC21-EF74-4ABA-9C49-BFC702BE25D8}.Debug|x86.ActiveCfg = Debug|x86
		{E8DDBC21-EF74-4ABA-9C49-BFC702BE25D8}.Debug|x86.Build.0 = Debug|x86
		{E8DDBC21-EF74-4ABA-9C49-BFC702BE25D8}.Release|x64.ActiveCfg = Release|x64
		{E8DDBC21-EF74-4ABA-9C49-BFC702BE25D8}.Release|x64.Build.0 = Release|x64
		{E8DDBC21-EF74-4ABA-9C49-BFC702BE25D8}.Release|x86.ActiveCfg = Release|x86
		{E8DDBC21-EF74-4ABA-9C49-BFC702BE25D8}.Release|x86.Build.0 = Release|x86
		{E9EBE8DA-CEE7-45CF-B2F5-FD060268BD32}.Debug|x64.ActiveCfg = Debug|x64
		{E9EBE8DA-CEE7-45CF-B2F5-FD060268BD32}.Debug|x64.Build.0 = Debug|x64
		{E9EBE8DA-CEE7-45CF-B2F5-FD060268BD32}.Debug|x86.ActiveCfg = Debug|x86
		{E9EBE8DA-CEE7-45CF-B2F5-FD060268BD32}.Debug|x86.Build.0 = Debug|x86
		{E9EBE8DA-CEE7-45CF-B2F5-FD060268BD32}.Release|x64.ActiveCfg = Release|x64
		{E9EBE8DA-CEE7-45CF-B2F5-FD060268BD32}.Release|x64.Build.0 = Release|x64
		{E9EBE8DA-CEE7-45CF-B2F5-FD060268BD32}.Release|x86.ActiveCfg = Release|x86
		{E9EBE8DA-CEE7-45CF-B2F5-FD060268BD32}.Release|x86.Build.0 = Release|x86
		{F55CABBB-4108-4A39-94E1-581FD46DC021}.Debug|x64.ActiveCfg = Debug|x64
		{F55CABBB-4108-4A39-94E1-581FD46DC021}.Debug|x64.Build.0 = Debug|x64
		{F55CABBB-4108-4A39-94E1-581FD46DC021}.Debug|x86.ActiveCfg = Debug|x86
		{F55CABBB-4108-4A39-94E1-581FD46DC021}.Debug|x86.Build.0 = Debug|x86
		{F55CABBB-4108-4A39-94E1-581FD46DC021}.Release|x64.ActiveCfg = Release|x64
		{F55CABBB-4108-4A39-94E1-581FD46DC021}.Release|x64.Build.0 = Release|x64
		{F55CABBB-4108-4A39-94E1-581FD46DC021}.Release|x86.ActiveCfg = Release|x86
		{F55CABBB-4108-4A39-94E1-581FD46DC021}.Release|x86.Build.0 = Release|x86
	EndGlobalSection
	GlobalSection(NestedProjects) = preSolution
		{18A1CAAD-C3E8-4A0E-B9DB-C0B0F3859128} = {8B00477A-BD08-422C-8ACF-BEA4A0004CEA}
		{B493EC79-3FD8-4F84-9BF8-69BDF3297DEA} = {8B00477A-BD08-422C-8ACF-BEA4A0004CEA}
		{A346B21F-17F6-431D-86B7-7B6B2AF02A13} = {8B00477A-BD08-422C-8ACF-BEA4A0004CEA}
		{CBAB674C-120D-4E4E-90CB-FCCC61B845B3} = {302D248E-FD07-4FF3-A935-38EAA7256379}
		{9C4977CA-548F-4863-B057-259A9458483B} = {302D248E-FD07-4FF3-A935-38EAA7256379}
		{4D468489-A781-4C55-A7F6-372335686437} = {302D248E-FD07-4FF3-A935-38EAA7256379}
		{B57F5CBD-3E27-4213-8202-103B75765BDC} = {302D248E-FD07-4FF3-A935-38EAA7256379}
		{988DBA54-C500-47AF-B31C-BE12EA83E4AA} = {A82C6ED9-C26B-46A2-B168-5165F230C02B}
		{E8DDBC21-EF74-4ABA-9C49-BFC702BE25D8} = {A82C6ED9-C26B-46A2-B168-5165F230C02B}
		{F55CABBB-4108-4A39-94E1-581FD46DC021} = {A82C6ED9-C26B-46A2-B168-5165F230C02B}
		{062B6A8C-F14A-4754-81E0-66BF1E557CEF} = {AD8E40DF-384D-4FF0-ABA9-91A956F38867}
		{1079D7FE-800A-409C-AE4D-9EC577DCE8DF} = {AD8E40DF-384D-4FF0-ABA9-91A956F38867}
		{4B29F2CB-D6CC-48E1-8A64-3A78D845BFB7} = {AD8E40DF-384D-4FF0-ABA9-91A956F38867}
		{B16E08ED-1366-4EC9-9C7C-9D724EF2F3C2} = {AD8E40DF-384D-4FF0-ABA9-91A956F38867}
		{DFA447DF-89AD-479F-856D-CA18007FE45E} = {AD8E40DF-384D-4FF0-ABA9-91A956F38867}
		{3F0720FD-2007-4031-8263-F2DC5FFCB554} = {AD8E40DF-384D-4FF0-ABA9-91A956F38867}
		{8BFD953F-8C81-4E6C-9113-6DC842F6488A} = {AD8E40DF-384D-4FF0-ABA9-91A956F38867}
		{DE409C76-0C99-49AE-BB95-5CA1AD968B13} = {AD8E40DF-384D-4FF0-ABA9-91A956F38867}
		{BE632D14-8F0A-4789-BE7A-63D8024FB855} = {AD8E40DF-384D-4FF0-ABA9-91A956F38867}
		{E9EBE8DA-CEE7-45CF-B2F5-FD060268BD32} = {AD8E40DF-384D-4FF0-ABA9-91A956F38867}
		{8A73D51A-F4BB-41EC-B811-8A82D91FCF5B} = {AD8E40DF-384D-4FF0-ABA9-91A956F38867}
		{9BDBD8CA-119B-4AA7-8B8E-9F0E5CFC2BE8} = {AD8E40DF-384D-4FF0-ABA9-91A956F38867}
		{E762D05E-DAA3-4D40-9547-5F8062312D8C} = {FE6B61BA-EE52-4FC0-95DF-7B093FE6BEDE}
		{33ABC53E-F210-442F-B4F7-D0A7642F2584} = {FE6B61BA-EE52-4FC0-95DF-7B093FE6BEDE}
		{D6E5F82D-5385-45AD-A0D1-1091EC6A5393} = {FE6B61BA-EE52-4FC0-95DF-7B093FE6BEDE}
		{D16FC33B-7EE9-4078-90A6-FB1A927F6A0B} = {FE6B61BA-EE52-4FC0-95DF-7B093FE6BEDE}
	EndGlobalSection
	GlobalSection(MonoDevelopProperties) = preSolution
		StartupItem = Applications\Schumix\Schumix.csproj
		description = Schumix2 IRC Bot
		version = 3.x
		outputpath = Run
	EndGlobalSection
	GlobalSection(SolutionProperties) = preSolution
		HideSolutionNode = FALSE
	EndGlobalSection
EndGlobal
