
Microsoft Visual Studio Solution File, Format Version 11.00
# Visual Studio 2010
Project("{2150E333-8FDC-42A3-9474-1A3956D46DE8}") = "Core", "Core", "{8B00477A-BD08-422C-8ACF-BEA4A0004CEA}"
EndProject
Project("{FAE04EC0-301F-11D3-BF4B-00C04F79EFBC}") = "Schumix.Irc", "Core\Schumix.Irc\Schumix.Irc.csproj", "{18A1CAAD-C3E8-4A0E-B9DB-C0B0F3859128}"
EndProject
Project("{FAE04EC0-301F-11D3-BF4B-00C04F79EFBC}") = "Schumix.Framework", "Core\Schumix.Framework\Schumix.Framework.csproj", "{B493EC79-3FD8-4F84-9BF8-69BDF3297DEA}"
EndProject
Project("{FAE04EC0-301F-11D3-BF4B-00C04F79EFBC}") = "Schumix.Api", "Core\Schumix.Api\Schumix.Api.csproj", "{A346B21F-17F6-431D-86B7-7B6B2AF02A13}"
EndProject
Project("{2150E333-8FDC-42A3-9474-1A3956D46DE8}") = "Applications", "Applications", "{302D248E-FD07-4FF3-A935-38EAA7256379}"
EndProject
Project("{FAE04EC0-301F-11D3-BF4B-00C04F79EFBC}") = "Schumix", "Applications\Schumix\Schumix.csproj", "{CBAB674C-120D-4E4E-90CB-FCCC61B845B3}"
EndProject
Project("{FAE04EC0-301F-11D3-BF4B-00C04F79EFBC}") = "Schumix.Config", "Applications\Schumix.Config\Schumix.Config.csproj", "{9C4977CA-548F-4863-B057-259A9458483B}"
EndProject
Project("{FAE04EC0-301F-11D3-BF4B-00C04F79EFBC}") = "Schumix.Installer", "Applications\Schumix.Installer\Schumix.Installer.csproj", "{4D468489-A781-4C55-A7F6-372335686437}"
EndProject
Project("{FAE04EC0-301F-11D3-BF4B-00C04F79EFBC}") = "Schumix.Server", "Applications\Schumix.Server\Schumix.Server.csproj", "{B57F5CBD-3E27-4213-8202-103B75765BDC}"
EndProject
Project("{2150E333-8FDC-42A3-9474-1A3956D46DE8}") = "Libraries", "Libraries", "{A82C6ED9-C26B-46A2-B168-5165F230C02B}"
	ProjectSection(SolutionItems) = preProject
		Dependencies\intl.dll = Dependencies\intl.dll
		Dependencies\MonoPosixHelper.dll = Dependencies\MonoPosixHelper.dll
	EndProjectSection
EndProject
Project("{FAE04EC0-301F-11D3-BF4B-00C04F79EFBC}") = "WolframAPI", "Libraries\WolframAPI\WolframAPI.csproj", "{988DBA54-C500-47AF-B31C-BE12EA83E4AA}"
EndProject
Project("{FAE04EC0-301F-11D3-BF4B-00C04F79EFBC}") = "NGit", "External\ngit\NGit\NGit.csproj", "{E3BFF8B4-189C-496A-A817-7E8B31E22B91}"
EndProject
Project("{FAE04EC0-301F-11D3-BF4B-00C04F79EFBC}") = "NSch", "External\ngit\NSch\NSch.csproj", "{A19E6F3F-A25B-4B01-8922-CF0CC35C781D}"
EndProject
Project("{FAE04EC0-301F-11D3-BF4B-00C04F79EFBC}") = "Sharpen", "External\ngit\Sharpen\Sharpen.csproj", "{72944A6C-45FF-4EF8-B349-8C9CABF519D4}"
EndProject
Project("{FAE04EC0-301F-11D3-BF4B-00C04F79EFBC}") = "ICSharpCode.SharpZLib", "External\ngit\External\SharpZipLib\src\ICSharpCode.SharpZLib.csproj", "{0E7413FF-EB9E-4714-ACF2-BE3A6A7B2FFD}"
EndProject
Project("{FAE04EC0-301F-11D3-BF4B-00C04F79EFBC}") = "Sharpen.Unix", "External\ngit\Sharpen.Unix\Sharpen.Unix.csproj", "{849AE05D-0058-4A8C-A0E8-77DC6BB12E52}"
EndProject
Project("{FAE04EC0-301F-11D3-BF4B-00C04F79EFBC}") = "YamlDotNet.Core", "External\YamlDotNet\YamlDotNet.Core\YamlDotNet.Core.csproj", "{BF32DE1B-6276-4341-B212-F8862ADBBA7A}"
EndProject
Project("{FAE04EC0-301F-11D3-BF4B-00C04F79EFBC}") = "YamlDotNet.RepresentationModel", "External\YamlDotNet\YamlDotNet.RepresentationModel\YamlDotNet.RepresentationModel.csproj", "{21CA0077-E15C-446D-9C43-F6D3F9D09687}"
EndProject
Project("{FAE04EC0-301F-11D3-BF4B-00C04F79EFBC}") = "KopiLua", "External\NLua\Core\KopiLua\KopiLua\KopiLua.csproj", "{E8DDBC21-EF74-4ABA-9C49-BFC702BE25D8}"
EndProject
Project("{FAE04EC0-301F-11D3-BF4B-00C04F79EFBC}") = "NLua", "External\NLua\Core\NLua\NLua.csproj", "{F55CABBB-4108-4A39-94E1-581FD46DC021}"
EndProject
Project("{FAE04EC0-301F-11D3-BF4B-00C04F79EFBC}") = "KeraLua", "External\NLua\Core\KeraLua\src\KeraLua.csproj", "{47153754-10F5-44D8-B578-F5A32B69061A}"
EndProject
Project("{2150E333-8FDC-42A3-9474-1A3956D46DE8}") = "Addons", "Addons", "{AD8E40DF-384D-4FF0-ABA9-91A956F38867}"
EndProject
Project("{FAE04EC0-301F-11D3-BF4B-00C04F79EFBC}") = "Schumix.TestAddon", "Addons\Schumix.TestAddon\Schumix.TestAddon.csproj", "{062B6A8C-F14A-4754-81E0-66BF1E557CEF}"
EndProject
Project("{FAE04EC0-301F-11D3-BF4B-00C04F79EFBC}") = "Schumix.RevisionAddon", "Addons\Schumix.RevisionAddon\Schumix.RevisionAddon.csproj", "{1079D7FE-800A-409C-AE4D-9EC577DCE8DF}"
EndProject
Project("{FAE04EC0-301F-11D3-BF4B-00C04F79EFBC}") = "Schumix.WordPressRssAddon", "Addons\Schumix.WordPressRssAddon\Schumix.WordPressRssAddon.csproj", "{4B29F2CB-D6CC-48E1-8A64-3A78D845BFB7}"
EndProject
Project("{FAE04EC0-301F-11D3-BF4B-00C04F79EFBC}") = "Schumix.SvnRssAddon", "Addons\Schumix.SvnRssAddon\Schumix.SvnRssAddon.csproj", "{B16E08ED-1366-4EC9-9C7C-9D724EF2F3C2}"
EndProject
Project("{FAE04EC0-301F-11D3-BF4B-00C04F79EFBC}") = "Schumix.MantisBTRssAddon", "Addons\Schumix.MantisBTRssAddon\Schumix.MantisBTRssAddon.csproj", "{DFA447DF-89AD-479F-856D-CA18007FE45E}"
EndProject
Project("{FAE04EC0-301F-11D3-BF4B-00C04F79EFBC}") = "Schumix.ChatterBotAddon", "Addons\Schumix.ChatterBotAddon\Schumix.ChatterBotAddon.csproj", "{3F0720FD-2007-4031-8263-F2DC5FFCB554}"
EndProject
Project("{FAE04EC0-301F-11D3-BF4B-00C04F79EFBC}") = "Schumix.CompilerAddon", "Addons\Schumix.CompilerAddon\Schumix.CompilerAddon.csproj", "{8BFD953F-8C81-4E6C-9113-6DC842F6488A}"
EndProject
Project("{FAE04EC0-301F-11D3-BF4B-00C04F79EFBC}") = "Schumix.HgRssAddon", "Addons\Schumix.HgRssAddon\Schumix.HgRssAddon.csproj", "{DE409C76-0C99-49AE-BB95-5CA1AD968B13}"
EndProject
Project("{FAE04EC0-301F-11D3-BF4B-00C04F79EFBC}") = "Schumix.GitRssAddon", "Addons\Schumix.GitRssAddon\Schumix.GitRssAddon.csproj", "{BE632D14-8F0A-4789-BE7A-63D8024FB855}"
EndProject
Project("{FAE04EC0-301F-11D3-BF4B-00C04F79EFBC}") = "Schumix.CalendarAddon", "Addons\Schumix.CalendarAddon\Schumix.CalendarAddon.csproj", "{E9EBE8DA-CEE7-45CF-B2F5-FD060268BD32}"
EndProject
Project("{FAE04EC0-301F-11D3-BF4B-00C04F79EFBC}") = "Schumix.GameAddon", "Addons\Schumix.GameAddon\Schumix.GameAddon.csproj", "{8A73D51A-F4BB-41EC-B811-8A82D91FCF5B}"
EndProject
Project("{FAE04EC0-301F-11D3-BF4B-00C04F79EFBC}") = "Schumix.ExtraAddon", "Addons\Schumix.ExtraAddon\Schumix.ExtraAddon.csproj", "{9BDBD8CA-119B-4AA7-8B8E-9F0E5CFC2BE8}"
EndProject
Project("{2150E333-8FDC-42A3-9474-1A3956D46DE8}") = "Components", "Components", "{FE6B61BA-EE52-4FC0-95DF-7B093FE6BEDE}"
EndProject
Project("{FAE04EC0-301F-11D3-BF4B-00C04F79EFBC}") = "Schumix.Libraries", "Components\Schumix.Libraries\Schumix.Libraries.csproj", "{E762D05E-DAA3-4D40-9547-5F8062312D8C}"
EndProject
Project("{FAE04EC0-301F-11D3-BF4B-00C04F79EFBC}") = "Schumix.Updater", "Components\Schumix.Updater\Schumix.Updater.csproj", "{33ABC53E-F210-442F-B4F7-D0A7642F2584}"
EndProject
Project("{FAE04EC0-301F-11D3-BF4B-00C04F79EFBC}") = "Schumix.LuaEngine", "Components\Schumix.LuaEngine\Schumix.LuaEngine.csproj", "{D6E5F82D-5385-45AD-A0D1-1091EC6A5393}"
EndProject
Project("{FAE04EC0-301F-11D3-BF4B-00C04F79EFBC}") = "Schumix.PythonEngine", "Components\Schumix.PythonEngine\Schumix.PythonEngine.csproj", "{D16FC33B-7EE9-4078-90A6-FB1A927F6A0B}"
EndProject
Project("{9344BDBB-3E7F-41FC-A0DD-8665D75EE146}") = "Po", "Po\Po.mdproj", "{707DC067-8EC1-4F4E-A83C-0C33E21E8E8C}"
EndProject
Global
	GlobalSection(SolutionConfigurationPlatforms) = preSolution
		Debug|Any CPU = Debug|Any CPU
		Release|Any CPU = Release|Any CPU
	EndGlobalSection
	GlobalSection(ProjectConfigurationPlatforms) = postSolution
		{062B6A8C-F14A-4754-81E0-66BF1E557CEF}.Debug|Any CPU.ActiveCfg = Debug|Any CPU
		{062B6A8C-F14A-4754-81E0-66BF1E557CEF}.Debug|Any CPU.Build.0 = Debug|Any CPU
		{062B6A8C-F14A-4754-81E0-66BF1E557CEF}.Release|Any CPU.ActiveCfg = Release|Any CPU
		{062B6A8C-F14A-4754-81E0-66BF1E557CEF}.Release|Any CPU.Build.0 = Release|Any CPU
		{0E7413FF-EB9E-4714-ACF2-BE3A6A7B2FFD}.Debug|Any CPU.ActiveCfg = Debug|Any CPU
		{0E7413FF-EB9E-4714-ACF2-BE3A6A7B2FFD}.Debug|Any CPU.Build.0 = Debug|Any CPU
		{0E7413FF-EB9E-4714-ACF2-BE3A6A7B2FFD}.Release|Any CPU.ActiveCfg = Release|Any CPU
		{0E7413FF-EB9E-4714-ACF2-BE3A6A7B2FFD}.Release|Any CPU.Build.0 = Release|Any CPU
		{1079D7FE-800A-409C-AE4D-9EC577DCE8DF}.Debug|Any CPU.ActiveCfg = Debug|Any CPU
		{1079D7FE-800A-409C-AE4D-9EC577DCE8DF}.Debug|Any CPU.Build.0 = Debug|Any CPU
		{1079D7FE-800A-409C-AE4D-9EC577DCE8DF}.Release|Any CPU.ActiveCfg = Release|Any CPU
		{1079D7FE-800A-409C-AE4D-9EC577DCE8DF}.Release|Any CPU.Build.0 = Release|Any CPU
		{18A1CAAD-C3E8-4A0E-B9DB-C0B0F3859128}.Debug|Any CPU.ActiveCfg = Debug|Any CPU
		{18A1CAAD-C3E8-4A0E-B9DB-C0B0F3859128}.Debug|Any CPU.Build.0 = Debug|Any CPU
		{18A1CAAD-C3E8-4A0E-B9DB-C0B0F3859128}.Release|Any CPU.ActiveCfg = Release|Any CPU
		{18A1CAAD-C3E8-4A0E-B9DB-C0B0F3859128}.Release|Any CPU.Build.0 = Release|Any CPU
		{21CA0077-E15C-446D-9C43-F6D3F9D09687}.Debug|Any CPU.ActiveCfg = Debug|Any CPU
		{21CA0077-E15C-446D-9C43-F6D3F9D09687}.Debug|Any CPU.Build.0 = Debug|Any CPU
		{21CA0077-E15C-446D-9C43-F6D3F9D09687}.Release|Any CPU.ActiveCfg = Release|Any CPU
		{21CA0077-E15C-446D-9C43-F6D3F9D09687}.Release|Any CPU.Build.0 = Release|Any CPU
		{33ABC53E-F210-442F-B4F7-D0A7642F2584}.Debug|Any CPU.ActiveCfg = Debug|Any CPU
		{33ABC53E-F210-442F-B4F7-D0A7642F2584}.Debug|Any CPU.Build.0 = Debug|Any CPU
		{33ABC53E-F210-442F-B4F7-D0A7642F2584}.Release|Any CPU.ActiveCfg = Release|Any CPU
		{33ABC53E-F210-442F-B4F7-D0A7642F2584}.Release|Any CPU.Build.0 = Release|Any CPU
		{3F0720FD-2007-4031-8263-F2DC5FFCB554}.Debug|Any CPU.ActiveCfg = Debug|Any CPU
		{3F0720FD-2007-4031-8263-F2DC5FFCB554}.Debug|Any CPU.Build.0 = Debug|Any CPU
		{3F0720FD-2007-4031-8263-F2DC5FFCB554}.Release|Any CPU.ActiveCfg = Release|Any CPU
		{3F0720FD-2007-4031-8263-F2DC5FFCB554}.Release|Any CPU.Build.0 = Release|Any CPU
		{47153754-10F5-44D8-B578-F5A32B69061A}.Debug|Any CPU.ActiveCfg = Debug|Any CPU
		{47153754-10F5-44D8-B578-F5A32B69061A}.Debug|Any CPU.Build.0 = Debug|Any CPU
		{47153754-10F5-44D8-B578-F5A32B69061A}.Release|Any CPU.ActiveCfg = Release|Any CPU
		{47153754-10F5-44D8-B578-F5A32B69061A}.Release|Any CPU.Build.0 = Release|Any CPU
		{4B29F2CB-D6CC-48E1-8A64-3A78D845BFB7}.Debug|Any CPU.ActiveCfg = Debug|Any CPU
		{4B29F2CB-D6CC-48E1-8A64-3A78D845BFB7}.Debug|Any CPU.Build.0 = Debug|Any CPU
		{4B29F2CB-D6CC-48E1-8A64-3A78D845BFB7}.Release|Any CPU.ActiveCfg = Release|Any CPU
		{4B29F2CB-D6CC-48E1-8A64-3A78D845BFB7}.Release|Any CPU.Build.0 = Release|Any CPU
		{4D468489-A781-4C55-A7F6-372335686437}.Debug|Any CPU.ActiveCfg = Debug|Any CPU
		{4D468489-A781-4C55-A7F6-372335686437}.Debug|Any CPU.Build.0 = Debug|Any CPU
		{4D468489-A781-4C55-A7F6-372335686437}.Release|Any CPU.ActiveCfg = Release|Any CPU
		{4D468489-A781-4C55-A7F6-372335686437}.Release|Any CPU.Build.0 = Release|Any CPU
		{707DC067-8EC1-4F4E-A83C-0C33E21E8E8C}.Debug|Any CPU.ActiveCfg = Debug|Any CPU
		{707DC067-8EC1-4F4E-A83C-0C33E21E8E8C}.Debug|Any CPU.Build.0 = Debug|Any CPU
		{707DC067-8EC1-4F4E-A83C-0C33E21E8E8C}.Release|Any CPU.ActiveCfg = Release|Any CPU
		{707DC067-8EC1-4F4E-A83C-0C33E21E8E8C}.Release|Any CPU.Build.0 = Release|Any CPU
		{72944A6C-45FF-4EF8-B349-8C9CABF519D4}.Debug|Any CPU.ActiveCfg = Debug|Any CPU
		{72944A6C-45FF-4EF8-B349-8C9CABF519D4}.Debug|Any CPU.Build.0 = Debug|Any CPU
		{72944A6C-45FF-4EF8-B349-8C9CABF519D4}.Release|Any CPU.ActiveCfg = Release|Any CPU
		{72944A6C-45FF-4EF8-B349-8C9CABF519D4}.Release|Any CPU.Build.0 = Release|Any CPU
		{849AE05D-0058-4A8C-A0E8-77DC6BB12E52}.Debug|Any CPU.ActiveCfg = Debug|Any CPU
		{849AE05D-0058-4A8C-A0E8-77DC6BB12E52}.Debug|Any CPU.Build.0 = Debug|Any CPU
		{849AE05D-0058-4A8C-A0E8-77DC6BB12E52}.Release|Any CPU.ActiveCfg = Release|Any CPU
		{849AE05D-0058-4A8C-A0E8-77DC6BB12E52}.Release|Any CPU.Build.0 = Release|Any CPU
		{8A73D51A-F4BB-41EC-B811-8A82D91FCF5B}.Debug|Any CPU.ActiveCfg = Debug|Any CPU
		{8A73D51A-F4BB-41EC-B811-8A82D91FCF5B}.Debug|Any CPU.Build.0 = Debug|Any CPU
		{8A73D51A-F4BB-41EC-B811-8A82D91FCF5B}.Release|Any CPU.ActiveCfg = Release|Any CPU
		{8A73D51A-F4BB-41EC-B811-8A82D91FCF5B}.Release|Any CPU.Build.0 = Release|Any CPU
		{8BFD953F-8C81-4E6C-9113-6DC842F6488A}.Debug|Any CPU.ActiveCfg = Debug|Any CPU
		{8BFD953F-8C81-4E6C-9113-6DC842F6488A}.Debug|Any CPU.Build.0 = Debug|Any CPU
		{8BFD953F-8C81-4E6C-9113-6DC842F6488A}.Release|Any CPU.ActiveCfg = Release|Any CPU
		{8BFD953F-8C81-4E6C-9113-6DC842F6488A}.Release|Any CPU.Build.0 = Release|Any CPU
		{988DBA54-C500-47AF-B31C-BE12EA83E4AA}.Debug|Any CPU.ActiveCfg = Debug|Any CPU
		{988DBA54-C500-47AF-B31C-BE12EA83E4AA}.Debug|Any CPU.Build.0 = Debug|Any CPU
		{988DBA54-C500-47AF-B31C-BE12EA83E4AA}.Release|Any CPU.ActiveCfg = Release|Any CPU
		{988DBA54-C500-47AF-B31C-BE12EA83E4AA}.Release|Any CPU.Build.0 = Release|Any CPU
		{9BDBD8CA-119B-4AA7-8B8E-9F0E5CFC2BE8}.Debug|Any CPU.ActiveCfg = Debug|Any CPU
		{9BDBD8CA-119B-4AA7-8B8E-9F0E5CFC2BE8}.Debug|Any CPU.Build.0 = Debug|Any CPU
		{9BDBD8CA-119B-4AA7-8B8E-9F0E5CFC2BE8}.Release|Any CPU.ActiveCfg = Release|Any CPU
		{9BDBD8CA-119B-4AA7-8B8E-9F0E5CFC2BE8}.Release|Any CPU.Build.0 = Release|Any CPU
		{9C4977CA-548F-4863-B057-259A9458483B}.Debug|Any CPU.ActiveCfg = Debug|Any CPU
		{9C4977CA-548F-4863-B057-259A9458483B}.Debug|Any CPU.Build.0 = Debug|Any CPU
		{9C4977CA-548F-4863-B057-259A9458483B}.Release|Any CPU.ActiveCfg = Release|Any CPU
		{9C4977CA-548F-4863-B057-259A9458483B}.Release|Any CPU.Build.0 = Release|Any CPU
		{A19E6F3F-A25B-4B01-8922-CF0CC35C781D}.Debug|Any CPU.ActiveCfg = Debug|Any CPU
		{A19E6F3F-A25B-4B01-8922-CF0CC35C781D}.Debug|Any CPU.Build.0 = Debug|Any CPU
		{A19E6F3F-A25B-4B01-8922-CF0CC35C781D}.Release|Any CPU.ActiveCfg = Release|Any CPU
		{A19E6F3F-A25B-4B01-8922-CF0CC35C781D}.Release|Any CPU.Build.0 = Release|Any CPU
		{A346B21F-17F6-431D-86B7-7B6B2AF02A13}.Debug|Any CPU.ActiveCfg = Debug|Any CPU
		{A346B21F-17F6-431D-86B7-7B6B2AF02A13}.Debug|Any CPU.Build.0 = Debug|Any CPU
		{A346B21F-17F6-431D-86B7-7B6B2AF02A13}.Release|Any CPU.ActiveCfg = Release|Any CPU
		{A346B21F-17F6-431D-86B7-7B6B2AF02A13}.Release|Any CPU.Build.0 = Release|Any CPU
		{B16E08ED-1366-4EC9-9C7C-9D724EF2F3C2}.Debug|Any CPU.ActiveCfg = Debug|Any CPU
		{B16E08ED-1366-4EC9-9C7C-9D724EF2F3C2}.Debug|Any CPU.Build.0 = Debug|Any CPU
		{B16E08ED-1366-4EC9-9C7C-9D724EF2F3C2}.Release|Any CPU.ActiveCfg = Release|Any CPU
		{B16E08ED-1366-4EC9-9C7C-9D724EF2F3C2}.Release|Any CPU.Build.0 = Release|Any CPU
		{B493EC79-3FD8-4F84-9BF8-69BDF3297DEA}.Debug|Any CPU.ActiveCfg = Debug|Any CPU
		{B493EC79-3FD8-4F84-9BF8-69BDF3297DEA}.Debug|Any CPU.Build.0 = Debug|Any CPU
		{B493EC79-3FD8-4F84-9BF8-69BDF3297DEA}.Release|Any CPU.ActiveCfg = Release|Any CPU
		{B493EC79-3FD8-4F84-9BF8-69BDF3297DEA}.Release|Any CPU.Build.0 = Release|Any CPU
		{B57F5CBD-3E27-4213-8202-103B75765BDC}.Debug|Any CPU.ActiveCfg = Debug|Any CPU
		{B57F5CBD-3E27-4213-8202-103B75765BDC}.Debug|Any CPU.Build.0 = Debug|Any CPU
		{B57F5CBD-3E27-4213-8202-103B75765BDC}.Release|Any CPU.ActiveCfg = Release|Any CPU
		{B57F5CBD-3E27-4213-8202-103B75765BDC}.Release|Any CPU.Build.0 = Release|Any CPU
		{BE632D14-8F0A-4789-BE7A-63D8024FB855}.Debug|Any CPU.ActiveCfg = Debug|Any CPU
		{BE632D14-8F0A-4789-BE7A-63D8024FB855}.Debug|Any CPU.Build.0 = Debug|Any CPU
		{BE632D14-8F0A-4789-BE7A-63D8024FB855}.Release|Any CPU.ActiveCfg = Release|Any CPU
		{BE632D14-8F0A-4789-BE7A-63D8024FB855}.Release|Any CPU.Build.0 = Release|Any CPU
		{BF32DE1B-6276-4341-B212-F8862ADBBA7A}.Debug|Any CPU.ActiveCfg = Debug|Any CPU
		{BF32DE1B-6276-4341-B212-F8862ADBBA7A}.Debug|Any CPU.Build.0 = Debug|Any CPU
		{BF32DE1B-6276-4341-B212-F8862ADBBA7A}.Release|Any CPU.ActiveCfg = Release|Any CPU
		{BF32DE1B-6276-4341-B212-F8862ADBBA7A}.Release|Any CPU.Build.0 = Release|Any CPU
		{CBAB674C-120D-4E4E-90CB-FCCC61B845B3}.Debug|Any CPU.ActiveCfg = Debug|Any CPU
		{CBAB674C-120D-4E4E-90CB-FCCC61B845B3}.Debug|Any CPU.Build.0 = Debug|Any CPU
		{CBAB674C-120D-4E4E-90CB-FCCC61B845B3}.Release|Any CPU.ActiveCfg = Release|Any CPU
		{CBAB674C-120D-4E4E-90CB-FCCC61B845B3}.Release|Any CPU.Build.0 = Release|Any CPU
		{D16FC33B-7EE9-4078-90A6-FB1A927F6A0B}.Debug|Any CPU.ActiveCfg = Debug|Any CPU
		{D16FC33B-7EE9-4078-90A6-FB1A927F6A0B}.Debug|Any CPU.Build.0 = Debug|Any CPU
		{D16FC33B-7EE9-4078-90A6-FB1A927F6A0B}.Release|Any CPU.ActiveCfg = Release|Any CPU
		{D16FC33B-7EE9-4078-90A6-FB1A927F6A0B}.Release|Any CPU.Build.0 = Release|Any CPU
		{D6E5F82D-5385-45AD-A0D1-1091EC6A5393}.Debug|Any CPU.ActiveCfg = Debug|Any CPU
		{D6E5F82D-5385-45AD-A0D1-1091EC6A5393}.Debug|Any CPU.Build.0 = Debug|Any CPU
		{D6E5F82D-5385-45AD-A0D1-1091EC6A5393}.Release|Any CPU.ActiveCfg = Release|Any CPU
		{D6E5F82D-5385-45AD-A0D1-1091EC6A5393}.Release|Any CPU.Build.0 = Release|Any CPU
		{DE409C76-0C99-49AE-BB95-5CA1AD968B13}.Debug|Any CPU.ActiveCfg = Debug|Any CPU
		{DE409C76-0C99-49AE-BB95-5CA1AD968B13}.Debug|Any CPU.Build.0 = Debug|Any CPU
		{DE409C76-0C99-49AE-BB95-5CA1AD968B13}.Release|Any CPU.ActiveCfg = Release|Any CPU
		{DE409C76-0C99-49AE-BB95-5CA1AD968B13}.Release|Any CPU.Build.0 = Release|Any CPU
		{DFA447DF-89AD-479F-856D-CA18007FE45E}.Debug|Any CPU.ActiveCfg = Debug|Any CPU
		{DFA447DF-89AD-479F-856D-CA18007FE45E}.Debug|Any CPU.Build.0 = Debug|Any CPU
		{DFA447DF-89AD-479F-856D-CA18007FE45E}.Release|Any CPU.ActiveCfg = Release|Any CPU
		{DFA447DF-89AD-479F-856D-CA18007FE45E}.Release|Any CPU.Build.0 = Release|Any CPU
		{E3BFF8B4-189C-496A-A817-7E8B31E22B91}.Debug|Any CPU.ActiveCfg = Debug|Any CPU
		{E3BFF8B4-189C-496A-A817-7E8B31E22B91}.Debug|Any CPU.Build.0 = Debug|Any CPU
		{E3BFF8B4-189C-496A-A817-7E8B31E22B91}.Release|Any CPU.ActiveCfg = Release|Any CPU
		{E3BFF8B4-189C-496A-A817-7E8B31E22B91}.Release|Any CPU.Build.0 = Release|Any CPU
		{E762D05E-DAA3-4D40-9547-5F8062312D8C}.Debug|Any CPU.ActiveCfg = Debug|Any CPU
		{E762D05E-DAA3-4D40-9547-5F8062312D8C}.Debug|Any CPU.Build.0 = Debug|Any CPU
		{E762D05E-DAA3-4D40-9547-5F8062312D8C}.Release|Any CPU.ActiveCfg = Release|Any CPU
		{E762D05E-DAA3-4D40-9547-5F8062312D8C}.Release|Any CPU.Build.0 = Release|Any CPU
		{E8DDBC21-EF74-4ABA-9C49-BFC702BE25D8}.Debug|Any CPU.ActiveCfg = Debug|Any CPU
		{E8DDBC21-EF74-4ABA-9C49-BFC702BE25D8}.Debug|Any CPU.Build.0 = Debug|Any CPU
		{E8DDBC21-EF74-4ABA-9C49-BFC702BE25D8}.Release|Any CPU.ActiveCfg = Release|Any CPU
		{E8DDBC21-EF74-4ABA-9C49-BFC702BE25D8}.Release|Any CPU.Build.0 = Release|Any CPU
		{E9EBE8DA-CEE7-45CF-B2F5-FD060268BD32}.Debug|Any CPU.ActiveCfg = Debug|Any CPU
		{E9EBE8DA-CEE7-45CF-B2F5-FD060268BD32}.Debug|Any CPU.Build.0 = Debug|Any CPU
		{E9EBE8DA-CEE7-45CF-B2F5-FD060268BD32}.Release|Any CPU.ActiveCfg = Release|Any CPU
		{E9EBE8DA-CEE7-45CF-B2F5-FD060268BD32}.Release|Any CPU.Build.0 = Release|Any CPU
		{F55CABBB-4108-4A39-94E1-581FD46DC021}.Debug|Any CPU.ActiveCfg = Debug|Any CPU
		{F55CABBB-4108-4A39-94E1-581FD46DC021}.Debug|Any CPU.Build.0 = Debug|Any CPU
		{F55CABBB-4108-4A39-94E1-581FD46DC021}.Release|Any CPU.ActiveCfg = Release|Any CPU
		{F55CABBB-4108-4A39-94E1-581FD46DC021}.Release|Any CPU.Build.0 = Release|Any CPU
	EndGlobalSection
	GlobalSection(NestedProjects) = preSolution
		{18A1CAAD-C3E8-4A0E-B9DB-C0B0F3859128} = {8B00477A-BD08-422C-8ACF-BEA4A0004CEA}
		{B493EC79-3FD8-4F84-9BF8-69BDF3297DEA} = {8B00477A-BD08-422C-8ACF-BEA4A0004CEA}
		{A346B21F-17F6-431D-86B7-7B6B2AF02A13} = {8B00477A-BD08-422C-8ACF-BEA4A0004CEA}
		{CBAB674C-120D-4E4E-90CB-FCCC61B845B3} = {302D248E-FD07-4FF3-A935-38EAA7256379}
		{9C4977CA-548F-4863-B057-259A9458483B} = {302D248E-FD07-4FF3-A935-38EAA7256379}
		{4D468489-A781-4C55-A7F6-372335686437} = {302D248E-FD07-4FF3-A935-38EAA7256379}
		{B57F5CBD-3E27-4213-8202-103B75765BDC} = {302D248E-FD07-4FF3-A935-38EAA7256379}
		{988DBA54-C500-47AF-B31C-BE12EA83E4AA} = {A82C6ED9-C26B-46A2-B168-5165F230C02B}
		{E3BFF8B4-189C-496A-A817-7E8B31E22B91} = {A82C6ED9-C26B-46A2-B168-5165F230C02B}
		{A19E6F3F-A25B-4B01-8922-CF0CC35C781D} = {A82C6ED9-C26B-46A2-B168-5165F230C02B}
		{72944A6C-45FF-4EF8-B349-8C9CABF519D4} = {A82C6ED9-C26B-46A2-B168-5165F230C02B}
		{0E7413FF-EB9E-4714-ACF2-BE3A6A7B2FFD} = {A82C6ED9-C26B-46A2-B168-5165F230C02B}
		{849AE05D-0058-4A8C-A0E8-77DC6BB12E52} = {A82C6ED9-C26B-46A2-B168-5165F230C02B}
		{BF32DE1B-6276-4341-B212-F8862ADBBA7A} = {A82C6ED9-C26B-46A2-B168-5165F230C02B}
		{21CA0077-E15C-446D-9C43-F6D3F9D09687} = {A82C6ED9-C26B-46A2-B168-5165F230C02B}
		{E8DDBC21-EF74-4ABA-9C49-BFC702BE25D8} = {A82C6ED9-C26B-46A2-B168-5165F230C02B}
		{F55CABBB-4108-4A39-94E1-581FD46DC021} = {A82C6ED9-C26B-46A2-B168-5165F230C02B}
		{47153754-10F5-44D8-B578-F5A32B69061A} = {A82C6ED9-C26B-46A2-B168-5165F230C02B}
		{062B6A8C-F14A-4754-81E0-66BF1E557CEF} = {AD8E40DF-384D-4FF0-ABA9-91A956F38867}
		{1079D7FE-800A-409C-AE4D-9EC577DCE8DF} = {AD8E40DF-384D-4FF0-ABA9-91A956F38867}
		{4B29F2CB-D6CC-48E1-8A64-3A78D845BFB7} = {AD8E40DF-384D-4FF0-ABA9-91A956F38867}
		{B16E08ED-1366-4EC9-9C7C-9D724EF2F3C2} = {AD8E40DF-384D-4FF0-ABA9-91A956F38867}
		{DFA447DF-89AD-479F-856D-CA18007FE45E} = {AD8E40DF-384D-4FF0-ABA9-91A956F38867}
		{3F0720FD-2007-4031-8263-F2DC5FFCB554} = {AD8E40DF-384D-4FF0-ABA9-91A956F38867}
		{8BFD953F-8C81-4E6C-9113-6DC842F6488A} = {AD8E40DF-384D-4FF0-ABA9-91A956F38867}
		{DE409C76-0C99-49AE-BB95-5CA1AD968B13} = {AD8E40DF-384D-4FF0-ABA9-91A956F38867}
		{BE632D14-8F0A-4789-BE7A-63D8024FB855} = {AD8E40DF-384D-4FF0-ABA9-91A956F38867}
		{E9EBE8DA-CEE7-45CF-B2F5-FD060268BD32} = {AD8E40DF-384D-4FF0-ABA9-91A956F38867}
		{8A73D51A-F4BB-41EC-B811-8A82D91FCF5B} = {AD8E40DF-384D-4FF0-ABA9-91A956F38867}
		{9BDBD8CA-119B-4AA7-8B8E-9F0E5CFC2BE8} = {AD8E40DF-384D-4FF0-ABA9-91A956F38867}
		{E762D05E-DAA3-4D40-9547-5F8062312D8C} = {FE6B61BA-EE52-4FC0-95DF-7B093FE6BEDE}
		{33ABC53E-F210-442F-B4F7-D0A7642F2584} = {FE6B61BA-EE52-4FC0-95DF-7B093FE6BEDE}
		{D6E5F82D-5385-45AD-A0D1-1091EC6A5393} = {FE6B61BA-EE52-4FC0-95DF-7B093FE6BEDE}
		{D16FC33B-7EE9-4078-90A6-FB1A927F6A0B} = {FE6B61BA-EE52-4FC0-95DF-7B093FE6BEDE}
	EndGlobalSection
	GlobalSection(MonoDevelopProperties) = preSolution
		StartupItem = Applications\Schumix\Schumix.csproj
		description = Schumix2 IRC Bot
		version = 4.x
		outputpath = Run
	EndGlobalSection
	GlobalSection(SolutionProperties) = preSolution
		HideSolutionNode = FALSE
	EndGlobalSection
EndGlobal
