
Microsoft Visual Studio Solution File, Format Version 11.00
# Visual Studio 2010
Project("{2150E333-8FDC-42A3-9474-1A3956D46DE8}") = "Core", "Core", "{8B00477A-BD08-422C-8ACF-BEA4A0004CEA}"
EndProject
Project("{FAE04EC0-301F-11D3-BF4B-00C04F79EFBC}") = "Schumix.Irc", "Core\Schumix.Irc\Schumix.Irc.csproj", "{18A1CAAD-C3E8-4A0E-B9DB-C0B0F3859128}"
EndProject
Project("{FAE04EC0-301F-11D3-BF4B-00C04F79EFBC}") = "Schumix.Framework", "Core\Schumix.Framework\Schumix.Framework.csproj", "{B493EC79-3FD8-4F84-9BF8-69BDF3297DEA}"
EndProject
Project("{2150E333-8FDC-42A3-9474-1A3956D46DE8}") = "Applications", "Applications", "{302D248E-FD07-4FF3-A935-38EAA7256379}"
EndProject
Project("{FAE04EC0-301F-11D3-BF4B-00C04F79EFBC}") = "Schumix", "Applications\Schumix\Schumix.csproj", "{CBAB674C-120D-4E4E-90CB-FCCC61B845B3}"
EndProject
Project("{FAE04EC0-301F-11D3-BF4B-00C04F79EFBC}") = "Schumix.Config", "Applications\Schumix.Config\Schumix.Config.csproj", "{9C4977CA-548F-4863-B057-259A9458483B}"
EndProject
Project("{FAE04EC0-301F-11D3-BF4B-00C04F79EFBC}") = "Schumix.Installer", "Applications\Schumix.Installer\Schumix.Installer.csproj", "{4D468489-A781-4C55-A7F6-372335686437}"
EndProject
Project("{FAE04EC0-301F-11D3-BF4B-00C04F79EFBC}") = "Schumix.Server", "Applications\Schumix.Server\Schumix.Server.csproj", "{B57F5CBD-3E27-4213-8202-103B75765BDC}"
EndProject
Project("{2150E333-8FDC-42A3-9474-1A3956D46DE8}") = "Libraries", "Libraries", "{A82C6ED9-C26B-46A2-B168-5165F230C02B}"
EndProject
Project("{FAE04EC0-301F-11D3-BF4B-00C04F79EFBC}") = "WolframAPI", "Libraries\WolframAPI\WolframAPI.csproj", "{988DBA54-C500-47AF-B31C-BE12EA83E4AA}"
EndProject
Project("{FAE04EC0-301F-11D3-BF4B-00C04F79EFBC}") = "NGit", "External\ngit\NGit\NGit.csproj", "{E3BFF8B4-189C-496A-A817-7E8B31E22B91}"
EndProject
Project("{FAE04EC0-301F-11D3-BF4B-00C04F79EFBC}") = "NSch", "External\ngit\NSch\NSch.csproj", "{A19E6F3F-A25B-4B01-8922-CF0CC35C781D}"
EndProject
Project("{FAE04EC0-301F-11D3-BF4B-00C04F79EFBC}") = "Sharpen", "External\ngit\Sharpen\Sharpen.csproj", "{72944A6C-45FF-4EF8-B349-8C9CABF519D4}"
EndProject
Project("{FAE04EC0-301F-11D3-BF4B-00C04F79EFBC}") = "ICSharpCode.SharpZLib", "External\ngit\External\SharpZipLib\src\ICSharpCode.SharpZLib.csproj", "{0E7413FF-EB9E-4714-ACF2-BE3A6A7B2FFD}"
EndProject
Project("{FAE04EC0-301F-11D3-BF4B-00C04F79EFBC}") = "Sharpen.Unix", "External\ngit\Sharpen.Unix\Sharpen.Unix.csproj", "{849AE05D-0058-4A8C-A0E8-77DC6BB12E52}"
EndProject
Project("{FAE04EC0-301F-11D3-BF4B-00C04F79EFBC}") = "KopiLua.Schumix", "External\NLua\Core\KopiLua\KopiLua\KopiLua.Schumix.csproj", "{E8DDBC21-EF74-4ABA-9C49-BFC702BE25D8}"
EndProject
Project("{FAE04EC0-301F-11D3-BF4B-00C04F79EFBC}") = "NLua.Schumix", "External\NLua\Core\NLua\NLua.Schumix.csproj", "{F55CABBB-4108-4A39-94E1-581FD46DC021}"
EndProject
Project("{FAE04EC0-301F-11D3-BF4B-00C04F79EFBC}") = "KeraLua.Schumix", "External\NLua\Core\KeraLua\src\KeraLua.Schumix.csproj", "{47153754-10F5-44D8-B578-F5A32B69061A}"
EndProject
Project("{FAE04EC0-301F-11D3-BF4B-00C04F79EFBC}") = "ChatterBotAPI", "External\ChatterBotApi\dotnet\ChatterBotAPI\ChatterBotAPI.csproj", "{2E624962-F155-432C-A90A-E1CE75DEE9EA}"
EndProject
Project("{FAE04EC0-301F-11D3-BF4B-00C04F79EFBC}") = "NGettext", "External\NGettext\src\NGettext\NGettext.csproj", "{96EED5F5-7E90-4BD8-A822-2D7BFF943E28}"
EndProject
Project("{FAE04EC0-301F-11D3-BF4B-00C04F79EFBC}") = "System.Data.SQLite", "External\CsharpSQLite\System.Data.SQLite\System.Data.SQLite.csproj", "{F1653F20-D47D-4F29-8C55-3C835542AF5F}"
EndProject
Project("{FAE04EC0-301F-11D3-BF4B-00C04F79EFBC}") = "YamlDotNet", "External\YamlDotNet\YamlDotNet\YamlDotNet.csproj", "{BF32DE1B-6276-4341-B212-F8862ADBBA7A}"
EndProject
Project("{FAE04EC0-301F-11D3-BF4B-00C04F79EFBC}") = "WundergroundAPI", "External\Wunderground.Net\WundergroundAPI\WundergroundAPI.csproj", "{2530CF11-EAFA-4B60-B151-D0A056C846B2}"
EndProject
Project("{FAE04EC0-301F-11D3-BF4B-00C04F79EFBC}") = "Newtonsoft.Json.Schumix", "External\Wunderground.Net\External\Newtonsoft.Json\Src\Newtonsoft.Json\Newtonsoft.Json.Schumix.csproj", "{A9AE40FF-1A21-414A-9FE7-3BE13644CC6D}"
EndProject
Project("{FAE04EC0-301F-11D3-BF4B-00C04F79EFBC}") = "MySql.Data.Schumix", "External\MySql.Data\Source\MySql.Data\MySql.Data.Schumix.csproj", "{E9DF5ED1-4CBD-4226-B931-9A51610AC14D}"
EndProject
Project("{FAE04EC0-301F-11D3-BF4B-00C04F79EFBC}") = "Mono.Libraries", "External\ngit\External\MonoLibraries\Mono.Libraries\Mono.Libraries.csproj", "{E9A655D1-EE99-467A-8F4B-CAC80E0E65BE}"
EndProject
Project("{FAE04EC0-301F-11D3-BF4B-00C04F79EFBC}") = "nunit.framework.Schumix", "External\ngit\External\nunit-framework\src\NUnitFramework\framework\nunit.framework.Schumix.csproj", "{6A281C98-B74D-403B-8536-966871B992E3}"
EndProject
Project("{2150E333-8FDC-42A3-9474-1A3956D46DE8}") = "Addons", "Addons", "{AD8E40DF-384D-4FF0-ABA9-91A956F38867}"
EndProject
Project("{FAE04EC0-301F-11D3-BF4B-00C04F79EFBC}") = "Schumix.TestAddon", "Addons\Schumix.TestAddon\Schumix.TestAddon.csproj", "{062B6A8C-F14A-4754-81E0-66BF1E557CEF}"
EndProject
Project("{FAE04EC0-301F-11D3-BF4B-00C04F79EFBC}") = "Schumix.RevisionAddon", "Addons\Schumix.RevisionAddon\Schumix.RevisionAddon.csproj", "{1079D7FE-800A-409C-AE4D-9EC577DCE8DF}"
EndProject
Project("{FAE04EC0-301F-11D3-BF4B-00C04F79EFBC}") = "Schumix.WordPressRssAddon", "Addons\Schumix.WordPressRssAddon\Schumix.WordPressRssAddon.csproj", "{4B29F2CB-D6CC-48E1-8A64-3A78D845BFB7}"
EndProject
Project("{FAE04EC0-301F-11D3-BF4B-00C04F79EFBC}") = "Schumix.SvnRssAddon", "Addons\Schumix.SvnRssAddon\Schumix.SvnRssAddon.csproj", "{B16E08ED-1366-4EC9-9C7C-9D724EF2F3C2}"
EndProject
Project("{FAE04EC0-301F-11D3-BF4B-00C04F79EFBC}") = "Schumix.MantisBTRssAddon", "Addons\Schumix.MantisBTRssAddon\Schumix.MantisBTRssAddon.csproj", "{DFA447DF-89AD-479F-856D-CA18007FE45E}"
EndProject
Project("{FAE04EC0-301F-11D3-BF4B-00C04F79EFBC}") = "Schumix.ChatterBotAddon", "Addons\Schumix.ChatterBotAddon\Schumix.ChatterBotAddon.csproj", "{3F0720FD-2007-4031-8263-F2DC5FFCB554}"
EndProject
Project("{FAE04EC0-301F-11D3-BF4B-00C04F79EFBC}") = "Schumix.CompilerAddon", "Addons\Schumix.CompilerAddon\Schumix.CompilerAddon.csproj", "{8BFD953F-8C81-4E6C-9113-6DC842F6488A}"
EndProject
Project("{FAE04EC0-301F-11D3-BF4B-00C04F79EFBC}") = "Schumix.HgRssAddon", "Addons\Schumix.HgRssAddon\Schumix.HgRssAddon.csproj", "{DE409C76-0C99-49AE-BB95-5CA1AD968B13}"
EndProject
Project("{FAE04EC0-301F-11D3-BF4B-00C04F79EFBC}") = "Schumix.GitRssAddon", "Addons\Schumix.GitRssAddon\Schumix.GitRssAddon.csproj", "{BE632D14-8F0A-4789-BE7A-63D8024FB855}"
EndProject
Project("{FAE04EC0-301F-11D3-BF4B-00C04F79EFBC}") = "Schumix.CalendarAddon", "Addons\Schumix.CalendarAddon\Schumix.CalendarAddon.csproj", "{E9EBE8DA-CEE7-45CF-B2F5-FD060268BD32}"
EndProject
Project("{FAE04EC0-301F-11D3-BF4B-00C04F79EFBC}") = "Schumix.GameAddon", "Addons\Schumix.GameAddon\Schumix.GameAddon.csproj", "{8A73D51A-F4BB-41EC-B811-8A82D91FCF5B}"
EndProject
Project("{FAE04EC0-301F-11D3-BF4B-00C04F79EFBC}") = "Schumix.ExtraAddon", "Addons\Schumix.ExtraAddon\Schumix.ExtraAddon.csproj", "{9BDBD8CA-119B-4AA7-8B8E-9F0E5CFC2BE8}"
EndProject
Project("{FAE04EC0-301F-11D3-BF4B-00C04F79EFBC}") = "Schumix.RssAddon", "Addons\Schumix.RssAddon\Schumix.RssAddon.csproj", "{11DB4827-AADF-4485-9191-D6B7FC7CE8F2}"
EndProject
Project("{2150E333-8FDC-42A3-9474-1A3956D46DE8}") = "Components", "Components", "{FE6B61BA-EE52-4FC0-95DF-7B093FE6BEDE}"
EndProject
Project("{FAE04EC0-301F-11D3-BF4B-00C04F79EFBC}") = "Schumix.Libraries", "Components\Schumix.Libraries\Schumix.Libraries.csproj", "{E762D05E-DAA3-4D40-9547-5F8062312D8C}"
EndProject
Project("{FAE04EC0-301F-11D3-BF4B-00C04F79EFBC}") = "Schumix.Components", "Components\Schumix.Components\Schumix.Components.csproj", "{A4846770-4EF1-40AE-9D14-C87A732B7316}"
EndProject
Project("{FAE04EC0-301F-11D3-BF4B-00C04F79EFBC}") = "Schumix.Compiler", "Components\Schumix.Compiler\Schumix.Compiler.csproj", "{E77B34AC-09C9-417B-858D-E915DEF4F52F}"
EndProject
Project("{2150E333-8FDC-42A3-9474-1A3956D46DE8}") = "Tests", "Tests", "{F37F3558-9AA8-4078-8A99-57259D51C8B2}"
EndProject
Project("{FAE04EC0-301F-11D3-BF4B-00C04F79EFBC}") = "Schumix.Framework.Test", "Tests\Schumix.Framework.Test\Schumix.Framework.Test.csproj", "{762CE329-D8A7-40B8-9782-AE2FB9AD3EBD}"
EndProject
Project("{FAE04EC0-301F-11D3-BF4B-00C04F79EFBC}") = "Schumix.Irc.Test", "Tests\Schumix.Irc.Test\Schumix.Irc.Test.csproj", "{598F9F95-C142-4596-ADDB-907B5CACC426}"
EndProject
Project("{9344BDBB-3E7F-41FC-A0DD-8665D75EE146}") = "Po", "Po\Po.mdproj", "{707DC067-8EC1-4F4E-A83C-0C33E21E8E8C}"
EndProject
Global
	GlobalSection(SolutionConfigurationPlatforms) = preSolution
		Debug|Any CPU = Debug|Any CPU
		Release|Any CPU = Release|Any CPU
	EndGlobalSection
	GlobalSection(ProjectConfigurationPlatforms) = postSolution
		{062B6A8C-F14A-4754-81E0-66BF1E557CEF}.Debug|Any CPU.ActiveCfg = Debug|Any CPU
		{062B6A8C-F14A-4754-81E0-66BF1E557CEF}.Debug|Any CPU.Build.0 = Debug|Any CPU
		{062B6A8C-F14A-4754-81E0-66BF1E557CEF}.Release|Any CPU.ActiveCfg = Release|Any CPU
		{062B6A8C-F14A-4754-81E0-66BF1E557CEF}.Release|Any CPU.Build.0 = Release|Any CPU
		{0E7413FF-EB9E-4714-ACF2-BE3A6A7B2FFD}.Debug|Any CPU.ActiveCfg = Debug|Any CPU
		{0E7413FF-EB9E-4714-ACF2-BE3A6A7B2FFD}.Debug|Any CPU.Build.0 = Debug|Any CPU
		{0E7413FF-EB9E-4714-ACF2-BE3A6A7B2FFD}.Release|Any CPU.ActiveCfg = Release|Any CPU
		{0E7413FF-EB9E-4714-ACF2-BE3A6A7B2FFD}.Release|Any CPU.Build.0 = Release|Any CPU
		{1079D7FE-800A-409C-AE4D-9EC577DCE8DF}.Debug|Any CPU.ActiveCfg = Debug|Any CPU
		{1079D7FE-800A-409C-AE4D-9EC577DCE8DF}.Debug|Any CPU.Build.0 = Debug|Any CPU
		{1079D7FE-800A-409C-AE4D-9EC577DCE8DF}.Release|Any CPU.ActiveCfg = Release|Any CPU
		{1079D7FE-800A-409C-AE4D-9EC577DCE8DF}.Release|Any CPU.Build.0 = Release|Any CPU
		{11DB4827-AADF-4485-9191-D6B7FC7CE8F2}.Debug|Any CPU.ActiveCfg = Debug|Any CPU
		{11DB4827-AADF-4485-9191-D6B7FC7CE8F2}.Debug|Any CPU.Build.0 = Debug|Any CPU
		{11DB4827-AADF-4485-9191-D6B7FC7CE8F2}.Release|Any CPU.ActiveCfg = Release|Any CPU
		{11DB4827-AADF-4485-9191-D6B7FC7CE8F2}.Release|Any CPU.Build.0 = Release|Any CPU
		{18A1CAAD-C3E8-4A0E-B9DB-C0B0F3859128}.Debug|Any CPU.ActiveCfg = Debug|Any CPU
		{18A1CAAD-C3E8-4A0E-B9DB-C0B0F3859128}.Debug|Any CPU.Build.0 = Debug|Any CPU
		{18A1CAAD-C3E8-4A0E-B9DB-C0B0F3859128}.Release|Any CPU.ActiveCfg = Release|Any CPU
		{18A1CAAD-C3E8-4A0E-B9DB-C0B0F3859128}.Release|Any CPU.Build.0 = Release|Any CPU
		{2530CF11-EAFA-4B60-B151-D0A056C846B2}.Debug|Any CPU.ActiveCfg = Debug|Any CPU
		{2530CF11-EAFA-4B60-B151-D0A056C846B2}.Debug|Any CPU.Build.0 = Debug|Any CPU
		{2530CF11-EAFA-4B60-B151-D0A056C846B2}.Release|Any CPU.ActiveCfg = Release|Any CPU
		{2530CF11-EAFA-4B60-B151-D0A056C846B2}.Release|Any CPU.Build.0 = Release|Any CPU
		{2E624962-F155-432C-A90A-E1CE75DEE9EA}.Debug|Any CPU.ActiveCfg = Debug|Any CPU
		{2E624962-F155-432C-A90A-E1CE75DEE9EA}.Debug|Any CPU.Build.0 = Debug|Any CPU
		{2E624962-F155-432C-A90A-E1CE75DEE9EA}.Release|Any CPU.ActiveCfg = Release|Any CPU
		{2E624962-F155-432C-A90A-E1CE75DEE9EA}.Release|Any CPU.Build.0 = Release|Any CPU
		{3F0720FD-2007-4031-8263-F2DC5FFCB554}.Debug|Any CPU.ActiveCfg = Debug|Any CPU
		{3F0720FD-2007-4031-8263-F2DC5FFCB554}.Debug|Any CPU.Build.0 = Debug|Any CPU
		{3F0720FD-2007-4031-8263-F2DC5FFCB554}.Release|Any CPU.ActiveCfg = Release|Any CPU
		{3F0720FD-2007-4031-8263-F2DC5FFCB554}.Release|Any CPU.Build.0 = Release|Any CPU
		{47153754-10F5-44D8-B578-F5A32B69061A}.Debug|Any CPU.ActiveCfg = Debug|Any CPU
		{47153754-10F5-44D8-B578-F5A32B69061A}.Debug|Any CPU.Build.0 = Debug|Any CPU
		{47153754-10F5-44D8-B578-F5A32B69061A}.Release|Any CPU.ActiveCfg = Release|Any CPU
		{47153754-10F5-44D8-B578-F5A32B69061A}.Release|Any CPU.Build.0 = Release|Any CPU
		{4B29F2CB-D6CC-48E1-8A64-3A78D845BFB7}.Debug|Any CPU.ActiveCfg = Debug|Any CPU
		{4B29F2CB-D6CC-48E1-8A64-3A78D845BFB7}.Debug|Any CPU.Build.0 = Debug|Any CPU
		{4B29F2CB-D6CC-48E1-8A64-3A78D845BFB7}.Release|Any CPU.ActiveCfg = Release|Any CPU
		{4B29F2CB-D6CC-48E1-8A64-3A78D845BFB7}.Release|Any CPU.Build.0 = Release|Any CPU
		{4D468489-A781-4C55-A7F6-372335686437}.Debug|Any CPU.ActiveCfg = Debug|Any CPU
		{4D468489-A781-4C55-A7F6-372335686437}.Debug|Any CPU.Build.0 = Debug|Any CPU
		{4D468489-A781-4C55-A7F6-372335686437}.Release|Any CPU.ActiveCfg = Release|Any CPU
		{4D468489-A781-4C55-A7F6-372335686437}.Release|Any CPU.Build.0 = Release|Any CPU
		{598F9F95-C142-4596-ADDB-907B5CACC426}.Debug|Any CPU.ActiveCfg = Debug|Any CPU
		{598F9F95-C142-4596-ADDB-907B5CACC426}.Debug|Any CPU.Build.0 = Debug|Any CPU
		{598F9F95-C142-4596-ADDB-907B5CACC426}.Release|Any CPU.ActiveCfg = Release|Any CPU
		{598F9F95-C142-4596-ADDB-907B5CACC426}.Release|Any CPU.Build.0 = Release|Any CPU
		{6A281C98-B74D-403B-8536-966871B992E3}.Debug|Any CPU.ActiveCfg = Debug|Any CPU
		{6A281C98-B74D-403B-8536-966871B992E3}.Debug|Any CPU.Build.0 = Debug|Any CPU
		{6A281C98-B74D-403B-8536-966871B992E3}.Release|Any CPU.ActiveCfg = Release|Any CPU
		{6A281C98-B74D-403B-8536-966871B992E3}.Release|Any CPU.Build.0 = Release|Any CPU
		{707DC067-8EC1-4F4E-A83C-0C33E21E8E8C}.Debug|Any CPU.ActiveCfg = Debug|Any CPU
		{707DC067-8EC1-4F4E-A83C-0C33E21E8E8C}.Debug|Any CPU.Build.0 = Debug|Any CPU
		{707DC067-8EC1-4F4E-A83C-0C33E21E8E8C}.Release|Any CPU.ActiveCfg = Release|Any CPU
		{707DC067-8EC1-4F4E-A83C-0C33E21E8E8C}.Release|Any CPU.Build.0 = Release|Any CPU
		{72944A6C-45FF-4EF8-B349-8C9CABF519D4}.Debug|Any CPU.ActiveCfg = Debug|Any CPU
		{72944A6C-45FF-4EF8-B349-8C9CABF519D4}.Debug|Any CPU.Build.0 = Debug|Any CPU
		{72944A6C-45FF-4EF8-B349-8C9CABF519D4}.Release|Any CPU.ActiveCfg = Release|Any CPU
		{72944A6C-45FF-4EF8-B349-8C9CABF519D4}.Release|Any CPU.Build.0 = Release|Any CPU
		{762CE329-D8A7-40B8-9782-AE2FB9AD3EBD}.Debug|Any CPU.ActiveCfg = Debug|Any CPU
		{762CE329-D8A7-40B8-9782-AE2FB9AD3EBD}.Debug|Any CPU.Build.0 = Debug|Any CPU
		{762CE329-D8A7-40B8-9782-AE2FB9AD3EBD}.Release|Any CPU.ActiveCfg = Release|Any CPU
		{762CE329-D8A7-40B8-9782-AE2FB9AD3EBD}.Release|Any CPU.Build.0 = Release|Any CPU
		{849AE05D-0058-4A8C-A0E8-77DC6BB12E52}.Debug|Any CPU.ActiveCfg = Debug|Any CPU
		{849AE05D-0058-4A8C-A0E8-77DC6BB12E52}.Debug|Any CPU.Build.0 = Debug|Any CPU
		{849AE05D-0058-4A8C-A0E8-77DC6BB12E52}.Release|Any CPU.ActiveCfg = Release|Any CPU
		{849AE05D-0058-4A8C-A0E8-77DC6BB12E52}.Release|Any CPU.Build.0 = Release|Any CPU
		{8A73D51A-F4BB-41EC-B811-8A82D91FCF5B}.Debug|Any CPU.ActiveCfg = Debug|Any CPU
		{8A73D51A-F4BB-41EC-B811-8A82D91FCF5B}.Debug|Any CPU.Build.0 = Debug|Any CPU
		{8A73D51A-F4BB-41EC-B811-8A82D91FCF5B}.Release|Any CPU.ActiveCfg = Release|Any CPU
		{8A73D51A-F4BB-41EC-B811-8A82D91FCF5B}.Release|Any CPU.Build.0 = Release|Any CPU
		{8BFD953F-8C81-4E6C-9113-6DC842F6488A}.Debug|Any CPU.ActiveCfg = Debug|Any CPU
		{8BFD953F-8C81-4E6C-9113-6DC842F6488A}.Debug|Any CPU.Build.0 = Debug|Any CPU
		{8BFD953F-8C81-4E6C-9113-6DC842F6488A}.Release|Any CPU.ActiveCfg = Release|Any CPU
		{8BFD953F-8C81-4E6C-9113-6DC842F6488A}.Release|Any CPU.Build.0 = Release|Any CPU
		{96EED5F5-7E90-4BD8-A822-2D7BFF943E28}.Debug|Any CPU.ActiveCfg = Debug|Any CPU
		{96EED5F5-7E90-4BD8-A822-2D7BFF943E28}.Debug|Any CPU.Build.0 = Debug|Any CPU
		{96EED5F5-7E90-4BD8-A822-2D7BFF943E28}.Release|Any CPU.ActiveCfg = Release|Any CPU
		{96EED5F5-7E90-4BD8-A822-2D7BFF943E28}.Release|Any CPU.Build.0 = Release|Any CPU
		{988DBA54-C500-47AF-B31C-BE12EA83E4AA}.Debug|Any CPU.ActiveCfg = Debug|Any CPU
		{988DBA54-C500-47AF-B31C-BE12EA83E4AA}.Debug|Any CPU.Build.0 = Debug|Any CPU
		{988DBA54-C500-47AF-B31C-BE12EA83E4AA}.Release|Any CPU.ActiveCfg = Release|Any CPU
		{988DBA54-C500-47AF-B31C-BE12EA83E4AA}.Release|Any CPU.Build.0 = Release|Any CPU
		{9BDBD8CA-119B-4AA7-8B8E-9F0E5CFC2BE8}.Debug|Any CPU.ActiveCfg = Debug|Any CPU
		{9BDBD8CA-119B-4AA7-8B8E-9F0E5CFC2BE8}.Debug|Any CPU.Build.0 = Debug|Any CPU
		{9BDBD8CA-119B-4AA7-8B8E-9F0E5CFC2BE8}.Release|Any CPU.ActiveCfg = Release|Any CPU
		{9BDBD8CA-119B-4AA7-8B8E-9F0E5CFC2BE8}.Release|Any CPU.Build.0 = Release|Any CPU
		{9C4977CA-548F-4863-B057-259A9458483B}.Debug|Any CPU.ActiveCfg = Debug|Any CPU
		{9C4977CA-548F-4863-B057-259A9458483B}.Debug|Any CPU.Build.0 = Debug|Any CPU
		{9C4977CA-548F-4863-B057-259A9458483B}.Release|Any CPU.ActiveCfg = Release|Any CPU
		{9C4977CA-548F-4863-B057-259A9458483B}.Release|Any CPU.Build.0 = Release|Any CPU
		{A19E6F3F-A25B-4B01-8922-CF0CC35C781D}.Debug|Any CPU.ActiveCfg = Debug|Any CPU
		{A19E6F3F-A25B-4B01-8922-CF0CC35C781D}.Debug|Any CPU.Build.0 = Debug|Any CPU
		{A19E6F3F-A25B-4B01-8922-CF0CC35C781D}.Release|Any CPU.ActiveCfg = Release|Any CPU
		{A19E6F3F-A25B-4B01-8922-CF0CC35C781D}.Release|Any CPU.Build.0 = Release|Any CPU
		{A4846770-4EF1-40AE-9D14-C87A732B7316}.Debug|Any CPU.ActiveCfg = Debug|Any CPU
		{A4846770-4EF1-40AE-9D14-C87A732B7316}.Debug|Any CPU.Build.0 = Debug|Any CPU
		{A4846770-4EF1-40AE-9D14-C87A732B7316}.Release|Any CPU.ActiveCfg = Release|Any CPU
		{A4846770-4EF1-40AE-9D14-C87A732B7316}.Release|Any CPU.Build.0 = Release|Any CPU
		{A9AE40FF-1A21-414A-9FE7-3BE13644CC6D}.Debug|Any CPU.ActiveCfg = Debug|Any CPU
		{A9AE40FF-1A21-414A-9FE7-3BE13644CC6D}.Debug|Any CPU.Build.0 = Debug|Any CPU
		{A9AE40FF-1A21-414A-9FE7-3BE13644CC6D}.Release|Any CPU.ActiveCfg = Release|Any CPU
		{A9AE40FF-1A21-414A-9FE7-3BE13644CC6D}.Release|Any CPU.Build.0 = Release|Any CPU
		{B16E08ED-1366-4EC9-9C7C-9D724EF2F3C2}.Debug|Any CPU.ActiveCfg = Debug|Any CPU
		{B16E08ED-1366-4EC9-9C7C-9D724EF2F3C2}.Debug|Any CPU.Build.0 = Debug|Any CPU
		{B16E08ED-1366-4EC9-9C7C-9D724EF2F3C2}.Release|Any CPU.ActiveCfg = Release|Any CPU
		{B16E08ED-1366-4EC9-9C7C-9D724EF2F3C2}.Release|Any CPU.Build.0 = Release|Any CPU
		{B493EC79-3FD8-4F84-9BF8-69BDF3297DEA}.Debug|Any CPU.ActiveCfg = Debug|Any CPU
		{B493EC79-3FD8-4F84-9BF8-69BDF3297DEA}.Debug|Any CPU.Build.0 = Debug|Any CPU
		{B493EC79-3FD8-4F84-9BF8-69BDF3297DEA}.Release|Any CPU.ActiveCfg = Release|Any CPU
		{B493EC79-3FD8-4F84-9BF8-69BDF3297DEA}.Release|Any CPU.Build.0 = Release|Any CPU
		{B57F5CBD-3E27-4213-8202-103B75765BDC}.Debug|Any CPU.ActiveCfg = Debug|Any CPU
		{B57F5CBD-3E27-4213-8202-103B75765BDC}.Debug|Any CPU.Build.0 = Debug|Any CPU
		{B57F5CBD-3E27-4213-8202-103B75765BDC}.Release|Any CPU.ActiveCfg = Release|Any CPU
		{B57F5CBD-3E27-4213-8202-103B75765BDC}.Release|Any CPU.Build.0 = Release|Any CPU
		{BE632D14-8F0A-4789-BE7A-63D8024FB855}.Debug|Any CPU.ActiveCfg = Debug|Any CPU
		{BE632D14-8F0A-4789-BE7A-63D8024FB855}.Debug|Any CPU.Build.0 = Debug|Any CPU
		{BE632D14-8F0A-4789-BE7A-63D8024FB855}.Release|Any CPU.ActiveCfg = Release|Any CPU
		{BE632D14-8F0A-4789-BE7A-63D8024FB855}.Release|Any CPU.Build.0 = Release|Any CPU
		{BF32DE1B-6276-4341-B212-F8862ADBBA7A}.Debug|Any CPU.ActiveCfg = Debug|Any CPU
		{BF32DE1B-6276-4341-B212-F8862ADBBA7A}.Debug|Any CPU.Build.0 = Debug|Any CPU
		{BF32DE1B-6276-4341-B212-F8862ADBBA7A}.Release|Any CPU.ActiveCfg = Release|Any CPU
		{BF32DE1B-6276-4341-B212-F8862ADBBA7A}.Release|Any CPU.Build.0 = Release|Any CPU
		{CBAB674C-120D-4E4E-90CB-FCCC61B845B3}.Debug|Any CPU.ActiveCfg = Debug|Any CPU
		{CBAB674C-120D-4E4E-90CB-FCCC61B845B3}.Debug|Any CPU.Build.0 = Debug|Any CPU
		{CBAB674C-120D-4E4E-90CB-FCCC61B845B3}.Release|Any CPU.ActiveCfg = Release|Any CPU
		{CBAB674C-120D-4E4E-90CB-FCCC61B845B3}.Release|Any CPU.Build.0 = Release|Any CPU
		{DE409C76-0C99-49AE-BB95-5CA1AD968B13}.Debug|Any CPU.ActiveCfg = Debug|Any CPU
		{DE409C76-0C99-49AE-BB95-5CA1AD968B13}.Debug|Any CPU.Build.0 = Debug|Any CPU
		{DE409C76-0C99-49AE-BB95-5CA1AD968B13}.Release|Any CPU.ActiveCfg = Release|Any CPU
		{DE409C76-0C99-49AE-BB95-5CA1AD968B13}.Release|Any CPU.Build.0 = Release|Any CPU
		{DFA447DF-89AD-479F-856D-CA18007FE45E}.Debug|Any CPU.ActiveCfg = Debug|Any CPU
		{DFA447DF-89AD-479F-856D-CA18007FE45E}.Debug|Any CPU.Build.0 = Debug|Any CPU
		{DFA447DF-89AD-479F-856D-CA18007FE45E}.Release|Any CPU.ActiveCfg = Release|Any CPU
		{DFA447DF-89AD-479F-856D-CA18007FE45E}.Release|Any CPU.Build.0 = Release|Any CPU
		{E3BFF8B4-189C-496A-A817-7E8B31E22B91}.Debug|Any CPU.ActiveCfg = Debug|Any CPU
		{E3BFF8B4-189C-496A-A817-7E8B31E22B91}.Debug|Any CPU.Build.0 = Debug|Any CPU
		{E3BFF8B4-189C-496A-A817-7E8B31E22B91}.Release|Any CPU.ActiveCfg = Release|Any CPU
		{E3BFF8B4-189C-496A-A817-7E8B31E22B91}.Release|Any CPU.Build.0 = Release|Any CPU
		{E762D05E-DAA3-4D40-9547-5F8062312D8C}.Debug|Any CPU.ActiveCfg = Debug|Any CPU
		{E762D05E-DAA3-4D40-9547-5F8062312D8C}.Debug|Any CPU.Build.0 = Debug|Any CPU
		{E762D05E-DAA3-4D40-9547-5F8062312D8C}.Release|Any CPU.ActiveCfg = Release|Any CPU
		{E762D05E-DAA3-4D40-9547-5F8062312D8C}.Release|Any CPU.Build.0 = Release|Any CPU
		{E77B34AC-09C9-417B-858D-E915DEF4F52F}.Debug|Any CPU.ActiveCfg = Debug|Any CPU
		{E77B34AC-09C9-417B-858D-E915DEF4F52F}.Debug|Any CPU.Build.0 = Debug|Any CPU
		{E77B34AC-09C9-417B-858D-E915DEF4F52F}.Release|Any CPU.ActiveCfg = Release|Any CPU
		{E77B34AC-09C9-417B-858D-E915DEF4F52F}.Release|Any CPU.Build.0 = Release|Any CPU
		{E8DDBC21-EF74-4ABA-9C49-BFC702BE25D8}.Debug|Any CPU.ActiveCfg = Debug|Any CPU
		{E8DDBC21-EF74-4ABA-9C49-BFC702BE25D8}.Debug|Any CPU.Build.0 = Debug|Any CPU
		{E8DDBC21-EF74-4ABA-9C49-BFC702BE25D8}.Release|Any CPU.ActiveCfg = Release|Any CPU
		{E8DDBC21-EF74-4ABA-9C49-BFC702BE25D8}.Release|Any CPU.Build.0 = Release|Any CPU
		{E9A655D1-EE99-467A-8F4B-CAC80E0E65BE}.Debug|Any CPU.ActiveCfg = Debug|Any CPU
		{E9A655D1-EE99-467A-8F4B-CAC80E0E65BE}.Debug|Any CPU.Build.0 = Debug|Any CPU
		{E9A655D1-EE99-467A-8F4B-CAC80E0E65BE}.Release|Any CPU.ActiveCfg = Release|Any CPU
		{E9A655D1-EE99-467A-8F4B-CAC80E0E65BE}.Release|Any CPU.Build.0 = Release|Any CPU
		{E9DF5ED1-4CBD-4226-B931-9A51610AC14D}.Debug|Any CPU.ActiveCfg = Debug|Any CPU
		{E9DF5ED1-4CBD-4226-B931-9A51610AC14D}.Debug|Any CPU.Build.0 = Debug|Any CPU
		{E9DF5ED1-4CBD-4226-B931-9A51610AC14D}.Release|Any CPU.ActiveCfg = Release|Any CPU
		{E9DF5ED1-4CBD-4226-B931-9A51610AC14D}.Release|Any CPU.Build.0 = Release|Any CPU
		{E9EBE8DA-CEE7-45CF-B2F5-FD060268BD32}.Debug|Any CPU.ActiveCfg = Debug|Any CPU
		{E9EBE8DA-CEE7-45CF-B2F5-FD060268BD32}.Debug|Any CPU.Build.0 = Debug|Any CPU
		{E9EBE8DA-CEE7-45CF-B2F5-FD060268BD32}.Release|Any CPU.ActiveCfg = Release|Any CPU
		{E9EBE8DA-CEE7-45CF-B2F5-FD060268BD32}.Release|Any CPU.Build.0 = Release|Any CPU
		{F1653F20-D47D-4F29-8C55-3C835542AF5F}.Debug|Any CPU.ActiveCfg = Debug|Any CPU
		{F1653F20-D47D-4F29-8C55-3C835542AF5F}.Debug|Any CPU.Build.0 = Debug|Any CPU
		{F1653F20-D47D-4F29-8C55-3C835542AF5F}.Release|Any CPU.ActiveCfg = Release|Any CPU
		{F1653F20-D47D-4F29-8C55-3C835542AF5F}.Release|Any CPU.Build.0 = Release|Any CPU
		{F55CABBB-4108-4A39-94E1-581FD46DC021}.Debug|Any CPU.ActiveCfg = Debug|Any CPU
		{F55CABBB-4108-4A39-94E1-581FD46DC021}.Debug|Any CPU.Build.0 = Debug|Any CPU
		{F55CABBB-4108-4A39-94E1-581FD46DC021}.Release|Any CPU.ActiveCfg = Release|Any CPU
		{F55CABBB-4108-4A39-94E1-581FD46DC021}.Release|Any CPU.Build.0 = Release|Any CPU
	EndGlobalSection
	GlobalSection(NestedProjects) = preSolution
		{18A1CAAD-C3E8-4A0E-B9DB-C0B0F3859128} = {8B00477A-BD08-422C-8ACF-BEA4A0004CEA}
		{B493EC79-3FD8-4F84-9BF8-69BDF3297DEA} = {8B00477A-BD08-422C-8ACF-BEA4A0004CEA}
		{CBAB674C-120D-4E4E-90CB-FCCC61B845B3} = {302D248E-FD07-4FF3-A935-38EAA7256379}
		{9C4977CA-548F-4863-B057-259A9458483B} = {302D248E-FD07-4FF3-A935-38EAA7256379}
		{4D468489-A781-4C55-A7F6-372335686437} = {302D248E-FD07-4FF3-A935-38EAA7256379}
		{B57F5CBD-3E27-4213-8202-103B75765BDC} = {302D248E-FD07-4FF3-A935-38EAA7256379}
		{988DBA54-C500-47AF-B31C-BE12EA83E4AA} = {A82C6ED9-C26B-46A2-B168-5165F230C02B}
		{E3BFF8B4-189C-496A-A817-7E8B31E22B91} = {A82C6ED9-C26B-46A2-B168-5165F230C02B}
		{A19E6F3F-A25B-4B01-8922-CF0CC35C781D} = {A82C6ED9-C26B-46A2-B168-5165F230C02B}
		{72944A6C-45FF-4EF8-B349-8C9CABF519D4} = {A82C6ED9-C26B-46A2-B168-5165F230C02B}
		{0E7413FF-EB9E-4714-ACF2-BE3A6A7B2FFD} = {A82C6ED9-C26B-46A2-B168-5165F230C02B}
		{849AE05D-0058-4A8C-A0E8-77DC6BB12E52} = {A82C6ED9-C26B-46A2-B168-5165F230C02B}
		{E8DDBC21-EF74-4ABA-9C49-BFC702BE25D8} = {A82C6ED9-C26B-46A2-B168-5165F230C02B}
		{F55CABBB-4108-4A39-94E1-581FD46DC021} = {A82C6ED9-C26B-46A2-B168-5165F230C02B}
		{47153754-10F5-44D8-B578-F5A32B69061A} = {A82C6ED9-C26B-46A2-B168-5165F230C02B}
		{2E624962-F155-432C-A90A-E1CE75DEE9EA} = {A82C6ED9-C26B-46A2-B168-5165F230C02B}
		{96EED5F5-7E90-4BD8-A822-2D7BFF943E28} = {A82C6ED9-C26B-46A2-B168-5165F230C02B}
		{F1653F20-D47D-4F29-8C55-3C835542AF5F} = {A82C6ED9-C26B-46A2-B168-5165F230C02B}
		{BF32DE1B-6276-4341-B212-F8862ADBBA7A} = {A82C6ED9-C26B-46A2-B168-5165F230C02B}
		{2530CF11-EAFA-4B60-B151-D0A056C846B2} = {A82C6ED9-C26B-46A2-B168-5165F230C02B}
		{A9AE40FF-1A21-414A-9FE7-3BE13644CC6D} = {A82C6ED9-C26B-46A2-B168-5165F230C02B}
		{E9DF5ED1-4CBD-4226-B931-9A51610AC14D} = {A82C6ED9-C26B-46A2-B168-5165F230C02B}
		{E9A655D1-EE99-467A-8F4B-CAC80E0E65BE} = {A82C6ED9-C26B-46A2-B168-5165F230C02B}
		{6A281C98-B74D-403B-8536-966871B992E3} = {A82C6ED9-C26B-46A2-B168-5165F230C02B}
		{062B6A8C-F14A-4754-81E0-66BF1E557CEF} = {AD8E40DF-384D-4FF0-ABA9-91A956F38867}
		{1079D7FE-800A-409C-AE4D-9EC577DCE8DF} = {AD8E40DF-384D-4FF0-ABA9-91A956F38867}
		{4B29F2CB-D6CC-48E1-8A64-3A78D845BFB7} = {AD8E40DF-384D-4FF0-ABA9-91A956F38867}
		{B16E08ED-1366-4EC9-9C7C-9D724EF2F3C2} = {AD8E40DF-384D-4FF0-ABA9-91A956F38867}
		{DFA447DF-89AD-479F-856D-CA18007FE45E} = {AD8E40DF-384D-4FF0-ABA9-91A956F38867}
		{3F0720FD-2007-4031-8263-F2DC5FFCB554} = {AD8E40DF-384D-4FF0-ABA9-91A956F38867}
		{8BFD953F-8C81-4E6C-9113-6DC842F6488A} = {AD8E40DF-384D-4FF0-ABA9-91A956F38867}
		{DE409C76-0C99-49AE-BB95-5CA1AD968B13} = {AD8E40DF-384D-4FF0-ABA9-91A956F38867}
		{BE632D14-8F0A-4789-BE7A-63D8024FB855} = {AD8E40DF-384D-4FF0-ABA9-91A956F38867}
		{E9EBE8DA-CEE7-45CF-B2F5-FD060268BD32} = {AD8E40DF-384D-4FF0-ABA9-91A956F38867}
		{8A73D51A-F4BB-41EC-B811-8A82D91FCF5B} = {AD8E40DF-384D-4FF0-ABA9-91A956F38867}
		{9BDBD8CA-119B-4AA7-8B8E-9F0E5CFC2BE8} = {AD8E40DF-384D-4FF0-ABA9-91A956F38867}
		{11DB4827-AADF-4485-9191-D6B7FC7CE8F2} = {AD8E40DF-384D-4FF0-ABA9-91A956F38867}
		{E762D05E-DAA3-4D40-9547-5F8062312D8C} = {FE6B61BA-EE52-4FC0-95DF-7B093FE6BEDE}
		{A4846770-4EF1-40AE-9D14-C87A732B7316} = {FE6B61BA-EE52-4FC0-95DF-7B093FE6BEDE}
		{E77B34AC-09C9-417B-858D-E915DEF4F52F} = {FE6B61BA-EE52-4FC0-95DF-7B093FE6BEDE}
		{762CE329-D8A7-40B8-9782-AE2FB9AD3EBD} = {F37F3558-9AA8-4078-8A99-57259D51C8B2}
		{598F9F95-C142-4596-ADDB-907B5CACC426} = {F37F3558-9AA8-4078-8A99-57259D51C8B2}
	EndGlobalSection
	GlobalSection(MonoDevelopProperties) = preSolution
		StartupItem = Applications\Schumix\Schumix.csproj
		Policies = $0
		$0.TextStylePolicy = $1
		$1.inheritsSet = null
		$1.scope = text/x-csharp
		$0.CSharpFormattingPolicy = $2
		$2.IndentSwitchBody = True
		$2.IndentPreprocessorDirectives = False
		$2.AnonymousMethodBraceStyle = NextLine
		$2.PropertyBraceStyle = NextLine
		$2.PropertyGetBraceStyle = NextLine
		$2.PropertySetBraceStyle = NextLine
		$2.EventBraceStyle = NextLine
		$2.EventAddBraceStyle = NextLine
		$2.EventRemoveBraceStyle = NextLine
		$2.StatementBraceStyle = NextLine
		$2.ElseNewLinePlacement = NewLine
		$2.CatchNewLinePlacement = NewLine
		$2.FinallyNewLinePlacement = NewLine
		$2.BeforeMethodDeclarationParentheses = False
		$2.BeforeMethodCallParentheses = False
		$2.BeforeConstructorDeclarationParentheses = False
		$2.BeforeIndexerDeclarationBracket = False
		$2.BeforeDelegateDeclarationParentheses = False
		$2.AfterDelegateDeclarationParameterComma = True
		$2.NewParentheses = False
		$2.IfParentheses = False
		$2.WhileParentheses = False
		$2.ForParentheses = False
		$2.ForeachParentheses = False
		$2.CatchParentheses = False
		$2.SwitchParentheses = False
		$2.LockParentheses = False
		$2.UsingParentheses = False
		$2.SpacesBeforeBrackets = False
		$2.MethodCallArgumentWrapping = DoNotWrap
		$2.MethodDeclarationParameterWrapping = DoNotWrap
		$2.IndexerDeclarationParameterWrapping = DoNotWrap
		$2.IndexerArgumentWrapping = DoNotWrap
		$2.inheritsSet = Mono
		$2.inheritsScope = text/x-csharp
		$2.scope = text/x-csharp
		$0.TextStylePolicy = $3
		$3.FileWidth = 120
		$3.TabsToSpaces = False
		$3.inheritsSet = VisualStudio
		$3.inheritsScope = text/plain
		$3.scope = text/plain
		$0.TextStylePolicy = $4
		$4.inheritsSet = null
		$4.scope = text/x-changelog
		$0.StandardHeader = $5
		$5.Text = 
		$5.IncludeInNewFiles = True
		description = Schumix2 IRC Bot
		version = 4.4.5
		outputpath = Run
	EndGlobalSection
	GlobalSection(SolutionProperties) = preSolution
		HideSolutionNode = FALSE
	EndGlobalSection
EndGlobal
