
Microsoft Visual Studio Solution File, Format Version 11.00
# Visual Studio 2010
Project("{2150E333-8FDC-42A3-9474-1A3956D46DE8}") = "Core", "Core", "{8B00477A-BD08-422C-8ACF-BEA4A0004CEA}"
EndProject
Project("{FAE04EC0-301F-11D3-BF4B-00C04F79EFBC}") = "Schumix.Irc", "Core\Schumix.Irc\Schumix.Irc.csproj", "{18A1CAAD-C3E8-4A0E-B9DB-C0B0F3859128}"
EndProject
Project("{FAE04EC0-301F-11D3-BF4B-00C04F79EFBC}") = "Schumix.Framework", "Core\Schumix.Framework\Schumix.Framework.csproj", "{B493EC79-3FD8-4F84-9BF8-69BDF3297DEA}"
EndProject
Project("{FAE04EC0-301F-11D3-BF4B-00C04F79EFBC}") = "Schumix.API", "Core\Schumix.API\Schumix.API.csproj", "{A346B21F-17F6-431D-86B7-7B6B2AF02A13}"
EndProject
Project("{2150E333-8FDC-42A3-9474-1A3956D46DE8}") = "Applications", "Applications", "{302D248E-FD07-4FF3-A935-38EAA7256379}"
EndProject
Project("{FAE04EC0-301F-11D3-BF4B-00C04F79EFBC}") = "Schumix", "Applications\Schumix\Schumix.csproj", "{CBAB674C-120D-4E4E-90CB-FCCC61B845B3}"
EndProject
Project("{2150E333-8FDC-42A3-9474-1A3956D46DE8}") = "Libraries", "Libraries", "{A82C6ED9-C26B-46A2-B168-5165F230C02B}"
EndProject
Project("{FAE04EC0-301F-11D3-BF4B-00C04F79EFBC}") = "WolframAPI", "Libraries\WolframAPI\WolframAPI.csproj", "{988DBA54-C500-47AF-B31C-BE12EA83E4AA}"
EndProject
Project("{2150E333-8FDC-42A3-9474-1A3956D46DE8}") = "Addons", "Addons", "{AD8E40DF-384D-4FF0-ABA9-91A956F38867}"
EndProject
Project("{FAE04EC0-301F-11D3-BF4B-00C04F79EFBC}") = "Schumix.CompilerAddon", "Addons\Schumix.CompilerAddon\Schumix.CompilerAddon.csproj", "{8BFD953F-8C81-4E6C-9113-6DC842F6488A}"
EndProject
Project("{FAE04EC0-301F-11D3-BF4B-00C04F79EFBC}") = "Schumix.ExtraAddon", "Addons\Schumix.ExtraAddon\Schumix.ExtraAddon.csproj", "{9BDBD8CA-119B-4AA7-8B8E-9F0E5CFC2BE8}"
EndProject
Project("{FAE04EC0-301F-11D3-BF4B-00C04F79EFBC}") = "Schumix.TesztAddon", "Addons\Schumix.TesztAddon\Schumix.TesztAddon.csproj", "{062B6A8C-F14A-4754-81E0-66BF1E557CEF}"
EndProject
Project("{FAE04EC0-301F-11D3-BF4B-00C04F79EFBC}") = "Schumix.SvnRssAddon", "Addons\Schumix.SvnRssAddon\Schumix.SvnRssAddon.csproj", "{B16E08ED-1366-4EC9-9C7C-9D724EF2F3C2}"
EndProject
Project("{FAE04EC0-301F-11D3-BF4B-00C04F79EFBC}") = "Schumix.HgRssAddon", "Addons\Schumix.HgRssAddon\Schumix.HgRssAddon.csproj", "{DE409C76-0C99-49AE-BB95-5CA1AD968B13}"
EndProject
Project("{FAE04EC0-301F-11D3-BF4B-00C04F79EFBC}") = "Schumix.GitRssAddon", "Addons\Schumix.GitRssAddon\Schumix.GitRssAddon.csproj", "{BE632D14-8F0A-4789-BE7A-63D8024FB855}"
EndProject
Project("{FAE04EC0-301F-11D3-BF4B-00C04F79EFBC}") = "Schumix.CalendarAddon", "Addons\Schumix.CalendarAddon\Schumix.CalendarAddon.csproj", "{E9EBE8DA-CEE7-45CF-B2F5-FD060268BD32}"
EndProject
Project("{FAE04EC0-301F-11D3-BF4B-00C04F79EFBC}") = "Schumix.RevisionAddon", "Addons\Schumix.RevisionAddon\Schumix.RevisionAddon.csproj", "{1079D7FE-800A-409C-AE4D-9EC577DCE8DF}"
EndProject
Project("{2150E333-8FDC-42A3-9474-1A3956D46DE8}") = "Components", "Components", "{FE6B61BA-EE52-4FC0-95DF-7B093FE6BEDE}"
EndProject
Project("{FAE04EC0-301F-11D3-BF4B-00C04F79EFBC}") = "Schumix.Libraries", "Components\Schumix.Libraries\Schumix.Libraries.csproj", "{E762D05E-DAA3-4D40-9547-5F8062312D8C}"
EndProject
Global
	GlobalSection(SolutionConfigurationPlatforms) = preSolution
		Debug|x86 = Debug|x86
		Release|x86 = Release|x86
		Debug|x64 = Debug|x64
		Release|x64 = Release|x64
		Mono-Debug|x86 = Mono-Debug|x86
		Mono-Release|x86 = Mono-Release|x86
		Mono-Debug|x64 = Mono-Debug|x64
		Mono-Release|x64 = Mono-Release|x64
	EndGlobalSection
	GlobalSection(ProjectConfigurationPlatforms) = postSolution
		{062B6A8C-F14A-4754-81E0-66BF1E557CEF}.Debug|x64.ActiveCfg = Debug|x64
		{062B6A8C-F14A-4754-81E0-66BF1E557CEF}.Debug|x64.Build.0 = Debug|x64
		{062B6A8C-F14A-4754-81E0-66BF1E557CEF}.Debug|x86.ActiveCfg = Debug|x86
		{062B6A8C-F14A-4754-81E0-66BF1E557CEF}.Debug|x86.Build.0 = Debug|x86
		{062B6A8C-F14A-4754-81E0-66BF1E557CEF}.Mono-Debug|x64.ActiveCfg = Mono-Debug|x64
		{062B6A8C-F14A-4754-81E0-66BF1E557CEF}.Mono-Debug|x64.Build.0 = Mono-Debug|x64
		{062B6A8C-F14A-4754-81E0-66BF1E557CEF}.Mono-Debug|x86.ActiveCfg = Mono-Debug|x86
		{062B6A8C-F14A-4754-81E0-66BF1E557CEF}.Mono-Debug|x86.Build.0 = Mono-Debug|x86
		{062B6A8C-F14A-4754-81E0-66BF1E557CEF}.Mono-Release|x64.ActiveCfg = Mono-Release|x64
		{062B6A8C-F14A-4754-81E0-66BF1E557CEF}.Mono-Release|x64.Build.0 = Mono-Release|x64
		{062B6A8C-F14A-4754-81E0-66BF1E557CEF}.Mono-Release|x86.ActiveCfg = Mono-Release|x86
		{062B6A8C-F14A-4754-81E0-66BF1E557CEF}.Mono-Release|x86.Build.0 = Mono-Release|x86
		{062B6A8C-F14A-4754-81E0-66BF1E557CEF}.Release|x64.ActiveCfg = Release|x64
		{062B6A8C-F14A-4754-81E0-66BF1E557CEF}.Release|x64.Build.0 = Release|x64
		{062B6A8C-F14A-4754-81E0-66BF1E557CEF}.Release|x86.ActiveCfg = Release|x86
		{062B6A8C-F14A-4754-81E0-66BF1E557CEF}.Release|x86.Build.0 = Release|x86
		{1079D7FE-800A-409C-AE4D-9EC577DCE8DF}.Debug|x64.ActiveCfg = Debug|x64
		{1079D7FE-800A-409C-AE4D-9EC577DCE8DF}.Debug|x64.Build.0 = Debug|x64
		{1079D7FE-800A-409C-AE4D-9EC577DCE8DF}.Debug|x86.ActiveCfg = Debug|x86
		{1079D7FE-800A-409C-AE4D-9EC577DCE8DF}.Debug|x86.Build.0 = Debug|x86
		{1079D7FE-800A-409C-AE4D-9EC577DCE8DF}.Mono-Debug|x64.ActiveCfg = Mono-Debug|x64
		{1079D7FE-800A-409C-AE4D-9EC577DCE8DF}.Mono-Debug|x64.Build.0 = Mono-Debug|x64
		{1079D7FE-800A-409C-AE4D-9EC577DCE8DF}.Mono-Debug|x86.ActiveCfg = Mono-Debug|x86
		{1079D7FE-800A-409C-AE4D-9EC577DCE8DF}.Mono-Debug|x86.Build.0 = Mono-Debug|x86
		{1079D7FE-800A-409C-AE4D-9EC577DCE8DF}.Mono-Release|x64.ActiveCfg = Mono-Release|x64
		{1079D7FE-800A-409C-AE4D-9EC577DCE8DF}.Mono-Release|x64.Build.0 = Mono-Release|x64
		{1079D7FE-800A-409C-AE4D-9EC577DCE8DF}.Mono-Release|x86.ActiveCfg = Mono-Release|x86
		{1079D7FE-800A-409C-AE4D-9EC577DCE8DF}.Mono-Release|x86.Build.0 = Mono-Release|x86
		{1079D7FE-800A-409C-AE4D-9EC577DCE8DF}.Release|x64.ActiveCfg = Release|x64
		{1079D7FE-800A-409C-AE4D-9EC577DCE8DF}.Release|x64.Build.0 = Release|x64
		{1079D7FE-800A-409C-AE4D-9EC577DCE8DF}.Release|x86.ActiveCfg = Release|x86
		{1079D7FE-800A-409C-AE4D-9EC577DCE8DF}.Release|x86.Build.0 = Release|x86
		{18A1CAAD-C3E8-4A0E-B9DB-C0B0F3859128}.Debug|x86.ActiveCfg = Debug|x86
		{18A1CAAD-C3E8-4A0E-B9DB-C0B0F3859128}.Debug|x86.Build.0 = Debug|x86
		{18A1CAAD-C3E8-4A0E-B9DB-C0B0F3859128}.Mono-Debug|x64.ActiveCfg = Mono-Debug|x64
		{18A1CAAD-C3E8-4A0E-B9DB-C0B0F3859128}.Mono-Debug|x64.Build.0 = Mono-Debug|x64
		{18A1CAAD-C3E8-4A0E-B9DB-C0B0F3859128}.Mono-Debug|x86.ActiveCfg = Mono-Debug|x86
		{18A1CAAD-C3E8-4A0E-B9DB-C0B0F3859128}.Mono-Debug|x86.Build.0 = Mono-Debug|x86
		{18A1CAAD-C3E8-4A0E-B9DB-C0B0F3859128}.Mono-Release|x64.ActiveCfg = Mono-Release|x64
		{18A1CAAD-C3E8-4A0E-B9DB-C0B0F3859128}.Mono-Release|x64.Build.0 = Mono-Release|x64
		{18A1CAAD-C3E8-4A0E-B9DB-C0B0F3859128}.Mono-Release|x86.ActiveCfg = Mono-Release|x86
		{18A1CAAD-C3E8-4A0E-B9DB-C0B0F3859128}.Mono-Release|x86.Build.0 = Mono-Release|x86
		{18A1CAAD-C3E8-4A0E-B9DB-C0B0F3859128}.Release|x86.ActiveCfg = Release|x86
		{18A1CAAD-C3E8-4A0E-B9DB-C0B0F3859128}.Release|x86.Build.0 = Release|x86
		{8BFD953F-8C81-4E6C-9113-6DC842F6488A}.Debug|x64.ActiveCfg = Debug|x64
		{8BFD953F-8C81-4E6C-9113-6DC842F6488A}.Debug|x64.Build.0 = Debug|x64
		{8BFD953F-8C81-4E6C-9113-6DC842F6488A}.Debug|x86.ActiveCfg = Debug|x86
		{8BFD953F-8C81-4E6C-9113-6DC842F6488A}.Debug|x86.Build.0 = Debug|x86
		{8BFD953F-8C81-4E6C-9113-6DC842F6488A}.Mono-Debug|x64.ActiveCfg = Mono-Debug|x64
		{8BFD953F-8C81-4E6C-9113-6DC842F6488A}.Mono-Debug|x64.Build.0 = Mono-Debug|x64
		{8BFD953F-8C81-4E6C-9113-6DC842F6488A}.Mono-Debug|x86.ActiveCfg = Mono-Debug|x86
		{8BFD953F-8C81-4E6C-9113-6DC842F6488A}.Mono-Debug|x86.Build.0 = Mono-Debug|x86
		{8BFD953F-8C81-4E6C-9113-6DC842F6488A}.Mono-Release|x64.ActiveCfg = Mono-Release|x64
		{8BFD953F-8C81-4E6C-9113-6DC842F6488A}.Mono-Release|x64.Build.0 = Mono-Release|x64
		{8BFD953F-8C81-4E6C-9113-6DC842F6488A}.Mono-Release|x86.ActiveCfg = Mono-Release|x86
		{8BFD953F-8C81-4E6C-9113-6DC842F6488A}.Mono-Release|x86.Build.0 = Mono-Release|x86
		{8BFD953F-8C81-4E6C-9113-6DC842F6488A}.Release|x64.ActiveCfg = Release|x64
		{8BFD953F-8C81-4E6C-9113-6DC842F6488A}.Release|x64.Build.0 = Release|x64
		{8BFD953F-8C81-4E6C-9113-6DC842F6488A}.Release|x86.ActiveCfg = Release|x86
		{8BFD953F-8C81-4E6C-9113-6DC842F6488A}.Release|x86.Build.0 = Release|x86
		{988DBA54-C500-47AF-B31C-BE12EA83E4AA}.Debug|x86.ActiveCfg = Debug|x86
		{988DBA54-C500-47AF-B31C-BE12EA83E4AA}.Debug|x86.Build.0 = Debug|x86
		{988DBA54-C500-47AF-B31C-BE12EA83E4AA}.Mono-Debug|x64.ActiveCfg = Mono-Debug|x64
		{988DBA54-C500-47AF-B31C-BE12EA83E4AA}.Mono-Debug|x64.Build.0 = Mono-Debug|x64
		{988DBA54-C500-47AF-B31C-BE12EA83E4AA}.Mono-Debug|x86.ActiveCfg = Mono-Debug|x86
		{988DBA54-C500-47AF-B31C-BE12EA83E4AA}.Mono-Debug|x86.Build.0 = Mono-Debug|x86
		{988DBA54-C500-47AF-B31C-BE12EA83E4AA}.Mono-Release|x64.ActiveCfg = Mono-Release|x64
		{988DBA54-C500-47AF-B31C-BE12EA83E4AA}.Mono-Release|x64.Build.0 = Mono-Release|x64
		{988DBA54-C500-47AF-B31C-BE12EA83E4AA}.Mono-Release|x86.ActiveCfg = Mono-Release|x86
		{988DBA54-C500-47AF-B31C-BE12EA83E4AA}.Mono-Release|x86.Build.0 = Mono-Release|x86
		{988DBA54-C500-47AF-B31C-BE12EA83E4AA}.Release|x86.ActiveCfg = Release|x86
		{988DBA54-C500-47AF-B31C-BE12EA83E4AA}.Release|x86.Build.0 = Release|x86
		{9BDBD8CA-119B-4AA7-8B8E-9F0E5CFC2BE8}.Debug|x64.ActiveCfg = Debug|x64
		{9BDBD8CA-119B-4AA7-8B8E-9F0E5CFC2BE8}.Debug|x64.Build.0 = Debug|x64
		{9BDBD8CA-119B-4AA7-8B8E-9F0E5CFC2BE8}.Debug|x86.ActiveCfg = Debug|x86
		{9BDBD8CA-119B-4AA7-8B8E-9F0E5CFC2BE8}.Debug|x86.Build.0 = Debug|x86
		{9BDBD8CA-119B-4AA7-8B8E-9F0E5CFC2BE8}.Mono-Debug|x64.ActiveCfg = Mono-Debug|x64
		{9BDBD8CA-119B-4AA7-8B8E-9F0E5CFC2BE8}.Mono-Debug|x64.Build.0 = Mono-Debug|x64
		{9BDBD8CA-119B-4AA7-8B8E-9F0E5CFC2BE8}.Mono-Debug|x86.ActiveCfg = Mono-Debug|x86
		{9BDBD8CA-119B-4AA7-8B8E-9F0E5CFC2BE8}.Mono-Debug|x86.Build.0 = Mono-Debug|x86
		{9BDBD8CA-119B-4AA7-8B8E-9F0E5CFC2BE8}.Mono-Release|x64.ActiveCfg = Mono-Release|x64
		{9BDBD8CA-119B-4AA7-8B8E-9F0E5CFC2BE8}.Mono-Release|x64.Build.0 = Mono-Release|x64
		{9BDBD8CA-119B-4AA7-8B8E-9F0E5CFC2BE8}.Mono-Release|x86.ActiveCfg = Mono-Release|x86
		{9BDBD8CA-119B-4AA7-8B8E-9F0E5CFC2BE8}.Mono-Release|x86.Build.0 = Mono-Release|x86
		{9BDBD8CA-119B-4AA7-8B8E-9F0E5CFC2BE8}.Release|x64.ActiveCfg = Release|x64
		{9BDBD8CA-119B-4AA7-8B8E-9F0E5CFC2BE8}.Release|x64.Build.0 = Release|x64
		{9BDBD8CA-119B-4AA7-8B8E-9F0E5CFC2BE8}.Release|x86.ActiveCfg = Release|x86
		{9BDBD8CA-119B-4AA7-8B8E-9F0E5CFC2BE8}.Release|x86.Build.0 = Release|x86
		{A346B21F-17F6-431D-86B7-7B6B2AF02A13}.Debug|x64.ActiveCfg = Debug|x64
		{A346B21F-17F6-431D-86B7-7B6B2AF02A13}.Debug|x64.Build.0 = Debug|x64
		{A346B21F-17F6-431D-86B7-7B6B2AF02A13}.Debug|x86.ActiveCfg = Debug|x86
		{A346B21F-17F6-431D-86B7-7B6B2AF02A13}.Debug|x86.Build.0 = Debug|x86
		{A346B21F-17F6-431D-86B7-7B6B2AF02A13}.Mono-Debug|x64.ActiveCfg = Mono-Debug|x64
		{A346B21F-17F6-431D-86B7-7B6B2AF02A13}.Mono-Debug|x64.Build.0 = Mono-Debug|x64
		{A346B21F-17F6-431D-86B7-7B6B2AF02A13}.Mono-Debug|x86.ActiveCfg = Mono-Debug|x86
		{A346B21F-17F6-431D-86B7-7B6B2AF02A13}.Mono-Debug|x86.Build.0 = Mono-Debug|x86
		{A346B21F-17F6-431D-86B7-7B6B2AF02A13}.Mono-Release|x64.ActiveCfg = Mono-Release|x64
		{A346B21F-17F6-431D-86B7-7B6B2AF02A13}.Mono-Release|x64.Build.0 = Mono-Release|x64
		{A346B21F-17F6-431D-86B7-7B6B2AF02A13}.Mono-Release|x86.ActiveCfg = Mono-Release|x86
		{A346B21F-17F6-431D-86B7-7B6B2AF02A13}.Mono-Release|x86.Build.0 = Mono-Release|x86
		{A346B21F-17F6-431D-86B7-7B6B2AF02A13}.Release|x64.ActiveCfg = Release|x64
		{A346B21F-17F6-431D-86B7-7B6B2AF02A13}.Release|x64.Build.0 = Release|x64
		{A346B21F-17F6-431D-86B7-7B6B2AF02A13}.Release|x86.ActiveCfg = Release|x86
		{A346B21F-17F6-431D-86B7-7B6B2AF02A13}.Release|x86.Build.0 = Release|x86
		{B16E08ED-1366-4EC9-9C7C-9D724EF2F3C2}.Debug|x64.ActiveCfg = Debug|x64
		{B16E08ED-1366-4EC9-9C7C-9D724EF2F3C2}.Debug|x64.Build.0 = Debug|x64
		{B16E08ED-1366-4EC9-9C7C-9D724EF2F3C2}.Debug|x86.ActiveCfg = Debug|x86
		{B16E08ED-1366-4EC9-9C7C-9D724EF2F3C2}.Debug|x86.Build.0 = Debug|x86
		{B16E08ED-1366-4EC9-9C7C-9D724EF2F3C2}.Mono-Debug|x64.ActiveCfg = Mono-Debug|x64
		{B16E08ED-1366-4EC9-9C7C-9D724EF2F3C2}.Mono-Debug|x64.Build.0 = Mono-Debug|x64
		{B16E08ED-1366-4EC9-9C7C-9D724EF2F3C2}.Mono-Debug|x86.ActiveCfg = Mono-Debug|x86
		{B16E08ED-1366-4EC9-9C7C-9D724EF2F3C2}.Mono-Debug|x86.Build.0 = Mono-Debug|x86
		{B16E08ED-1366-4EC9-9C7C-9D724EF2F3C2}.Mono-Release|x64.ActiveCfg = Mono-Release|x64
		{B16E08ED-1366-4EC9-9C7C-9D724EF2F3C2}.Mono-Release|x64.Build.0 = Mono-Release|x64
		{B16E08ED-1366-4EC9-9C7C-9D724EF2F3C2}.Mono-Release|x86.ActiveCfg = Mono-Release|x86
		{B16E08ED-1366-4EC9-9C7C-9D724EF2F3C2}.Mono-Release|x86.Build.0 = Mono-Release|x86
		{B16E08ED-1366-4EC9-9C7C-9D724EF2F3C2}.Release|x64.ActiveCfg = Release|x64
		{B16E08ED-1366-4EC9-9C7C-9D724EF2F3C2}.Release|x64.Build.0 = Release|x64
		{B16E08ED-1366-4EC9-9C7C-9D724EF2F3C2}.Release|x86.ActiveCfg = Release|x86
		{B16E08ED-1366-4EC9-9C7C-9D724EF2F3C2}.Release|x86.Build.0 = Release|x86
		{B493EC79-3FD8-4F84-9BF8-69BDF3297DEA}.Debug|x86.ActiveCfg = Debug|x86
		{B493EC79-3FD8-4F84-9BF8-69BDF3297DEA}.Debug|x86.Build.0 = Debug|x86
		{B493EC79-3FD8-4F84-9BF8-69BDF3297DEA}.Mono-Debug|x64.ActiveCfg = Mono-Debug|x64
		{B493EC79-3FD8-4F84-9BF8-69BDF3297DEA}.Mono-Debug|x64.Build.0 = Mono-Debug|x64
		{B493EC79-3FD8-4F84-9BF8-69BDF3297DEA}.Mono-Debug|x86.ActiveCfg = Mono-Debug|x86
		{B493EC79-3FD8-4F84-9BF8-69BDF3297DEA}.Mono-Debug|x86.Build.0 = Mono-Debug|x86
		{B493EC79-3FD8-4F84-9BF8-69BDF3297DEA}.Mono-Release|x64.ActiveCfg = Mono-Release|x64
		{B493EC79-3FD8-4F84-9BF8-69BDF3297DEA}.Mono-Release|x64.Build.0 = Mono-Release|x64
		{B493EC79-3FD8-4F84-9BF8-69BDF3297DEA}.Mono-Release|x86.ActiveCfg = Mono-Release|x86
		{B493EC79-3FD8-4F84-9BF8-69BDF3297DEA}.Mono-Release|x86.Build.0 = Mono-Release|x86
		{B493EC79-3FD8-4F84-9BF8-69BDF3297DEA}.Release|x86.ActiveCfg = Release|x86
		{B493EC79-3FD8-4F84-9BF8-69BDF3297DEA}.Release|x86.Build.0 = Release|x86
		{BE632D14-8F0A-4789-BE7A-63D8024FB855}.Debug|x64.ActiveCfg = Debug|x64
		{BE632D14-8F0A-4789-BE7A-63D8024FB855}.Debug|x64.Build.0 = Debug|x64
		{BE632D14-8F0A-4789-BE7A-63D8024FB855}.Debug|x86.ActiveCfg = Debug|x86
		{BE632D14-8F0A-4789-BE7A-63D8024FB855}.Debug|x86.Build.0 = Debug|x86
		{BE632D14-8F0A-4789-BE7A-63D8024FB855}.Mono-Debug|x64.ActiveCfg = Mono-Debug|x64
		{BE632D14-8F0A-4789-BE7A-63D8024FB855}.Mono-Debug|x64.Build.0 = Mono-Debug|x64
		{BE632D14-8F0A-4789-BE7A-63D8024FB855}.Mono-Debug|x86.ActiveCfg = Mono-Debug|x86
		{BE632D14-8F0A-4789-BE7A-63D8024FB855}.Mono-Debug|x86.Build.0 = Mono-Debug|x86
		{BE632D14-8F0A-4789-BE7A-63D8024FB855}.Mono-Release|x64.ActiveCfg = Mono-Release|x64
		{BE632D14-8F0A-4789-BE7A-63D8024FB855}.Mono-Release|x64.Build.0 = Mono-Release|x64
		{BE632D14-8F0A-4789-BE7A-63D8024FB855}.Mono-Release|x86.ActiveCfg = Mono-Release|x86
		{BE632D14-8F0A-4789-BE7A-63D8024FB855}.Mono-Release|x86.Build.0 = Mono-Release|x86
		{BE632D14-8F0A-4789-BE7A-63D8024FB855}.Release|x64.ActiveCfg = Release|x64
		{BE632D14-8F0A-4789-BE7A-63D8024FB855}.Release|x64.Build.0 = Release|x64
		{BE632D14-8F0A-4789-BE7A-63D8024FB855}.Release|x86.ActiveCfg = Release|x86
		{BE632D14-8F0A-4789-BE7A-63D8024FB855}.Release|x86.Build.0 = Release|x86
		{CBAB674C-120D-4E4E-90CB-FCCC61B845B3}.Debug|x64.ActiveCfg = Debug|x64
		{CBAB674C-120D-4E4E-90CB-FCCC61B845B3}.Debug|x64.Build.0 = Debug|x64
		{CBAB674C-120D-4E4E-90CB-FCCC61B845B3}.Debug|x86.ActiveCfg = Debug|x86
		{CBAB674C-120D-4E4E-90CB-FCCC61B845B3}.Debug|x86.Build.0 = Debug|x86
		{CBAB674C-120D-4E4E-90CB-FCCC61B845B3}.Mono-Debug|x64.ActiveCfg = Mono-Debug|x64
		{CBAB674C-120D-4E4E-90CB-FCCC61B845B3}.Mono-Debug|x64.Build.0 = Mono-Debug|x64
		{CBAB674C-120D-4E4E-90CB-FCCC61B845B3}.Mono-Debug|x86.ActiveCfg = Mono-Debug|x86
		{CBAB674C-120D-4E4E-90CB-FCCC61B845B3}.Mono-Debug|x86.Build.0 = Mono-Debug|x86
		{CBAB674C-120D-4E4E-90CB-FCCC61B845B3}.Mono-Release|x64.ActiveCfg = Mono-Release|x64
		{CBAB674C-120D-4E4E-90CB-FCCC61B845B3}.Mono-Release|x64.Build.0 = Mono-Release|x64
		{CBAB674C-120D-4E4E-90CB-FCCC61B845B3}.Mono-Release|x86.ActiveCfg = Mono-Release|x86
		{CBAB674C-120D-4E4E-90CB-FCCC61B845B3}.Mono-Release|x86.Build.0 = Mono-Release|x86
		{CBAB674C-120D-4E4E-90CB-FCCC61B845B3}.Release|x64.ActiveCfg = Release|x64
		{CBAB674C-120D-4E4E-90CB-FCCC61B845B3}.Release|x64.Build.0 = Release|x64
		{CBAB674C-120D-4E4E-90CB-FCCC61B845B3}.Release|x86.ActiveCfg = Release|x86
		{CBAB674C-120D-4E4E-90CB-FCCC61B845B3}.Release|x86.Build.0 = Release|x86
		{DE409C76-0C99-49AE-BB95-5CA1AD968B13}.Debug|x64.ActiveCfg = Debug|x64
		{DE409C76-0C99-49AE-BB95-5CA1AD968B13}.Debug|x64.Build.0 = Debug|x64
		{DE409C76-0C99-49AE-BB95-5CA1AD968B13}.Debug|x86.ActiveCfg = Debug|x86
		{DE409C76-0C99-49AE-BB95-5CA1AD968B13}.Debug|x86.Build.0 = Debug|x86
		{DE409C76-0C99-49AE-BB95-5CA1AD968B13}.Mono-Debug|x64.ActiveCfg = Mono-Debug|x64
		{DE409C76-0C99-49AE-BB95-5CA1AD968B13}.Mono-Debug|x64.Build.0 = Mono-Debug|x64
		{DE409C76-0C99-49AE-BB95-5CA1AD968B13}.Mono-Debug|x86.ActiveCfg = Mono-Debug|x86
		{DE409C76-0C99-49AE-BB95-5CA1AD968B13}.Mono-Debug|x86.Build.0 = Mono-Debug|x86
		{DE409C76-0C99-49AE-BB95-5CA1AD968B13}.Mono-Release|x64.ActiveCfg = Mono-Release|x64
		{DE409C76-0C99-49AE-BB95-5CA1AD968B13}.Mono-Release|x64.Build.0 = Mono-Release|x64
		{DE409C76-0C99-49AE-BB95-5CA1AD968B13}.Mono-Release|x86.ActiveCfg = Mono-Release|x86
		{DE409C76-0C99-49AE-BB95-5CA1AD968B13}.Mono-Release|x86.Build.0 = Mono-Release|x86
		{DE409C76-0C99-49AE-BB95-5CA1AD968B13}.Release|x64.ActiveCfg = Release|x64
		{DE409C76-0C99-49AE-BB95-5CA1AD968B13}.Release|x64.Build.0 = Release|x64
		{DE409C76-0C99-49AE-BB95-5CA1AD968B13}.Release|x86.ActiveCfg = Release|x86
		{DE409C76-0C99-49AE-BB95-5CA1AD968B13}.Release|x86.Build.0 = Release|x86
		{E762D05E-DAA3-4D40-9547-5F8062312D8C}.Debug|x64.ActiveCfg = Debug|x64
		{E762D05E-DAA3-4D40-9547-5F8062312D8C}.Debug|x64.Build.0 = Debug|x64
		{E762D05E-DAA3-4D40-9547-5F8062312D8C}.Debug|x86.ActiveCfg = Debug|x86
		{E762D05E-DAA3-4D40-9547-5F8062312D8C}.Debug|x86.Build.0 = Debug|x86
		{E762D05E-DAA3-4D40-9547-5F8062312D8C}.Mono-Debug|x64.ActiveCfg = Mono-Debug|x64
		{E762D05E-DAA3-4D40-9547-5F8062312D8C}.Mono-Debug|x64.Build.0 = Mono-Debug|x64
		{E762D05E-DAA3-4D40-9547-5F8062312D8C}.Mono-Debug|x86.ActiveCfg = Mono-Debug|x86
		{E762D05E-DAA3-4D40-9547-5F8062312D8C}.Mono-Debug|x86.Build.0 = Mono-Debug|x86
		{E762D05E-DAA3-4D40-9547-5F8062312D8C}.Mono-Release|x64.ActiveCfg = Mono-Release|x64
		{E762D05E-DAA3-4D40-9547-5F8062312D8C}.Mono-Release|x64.Build.0 = Mono-Release|x64
		{E762D05E-DAA3-4D40-9547-5F8062312D8C}.Mono-Release|x86.ActiveCfg = Mono-Release|x86
		{E762D05E-DAA3-4D40-9547-5F8062312D8C}.Mono-Release|x86.Build.0 = Mono-Release|x86
		{E762D05E-DAA3-4D40-9547-5F8062312D8C}.Release|x64.ActiveCfg = Release|x64
		{E762D05E-DAA3-4D40-9547-5F8062312D8C}.Release|x64.Build.0 = Release|x64
		{E762D05E-DAA3-4D40-9547-5F8062312D8C}.Release|x86.ActiveCfg = Release|x86
		{E762D05E-DAA3-4D40-9547-5F8062312D8C}.Release|x86.Build.0 = Release|x86
		{E9EBE8DA-CEE7-45CF-B2F5-FD060268BD32}.Debug|x64.ActiveCfg = Debug|x64
		{E9EBE8DA-CEE7-45CF-B2F5-FD060268BD32}.Debug|x64.Build.0 = Debug|x64
		{E9EBE8DA-CEE7-45CF-B2F5-FD060268BD32}.Debug|x86.ActiveCfg = Debug|x86
		{E9EBE8DA-CEE7-45CF-B2F5-FD060268BD32}.Debug|x86.Build.0 = Debug|x86
		{E9EBE8DA-CEE7-45CF-B2F5-FD060268BD32}.Mono-Debug|x64.ActiveCfg = Mono-Debug|x64
		{E9EBE8DA-CEE7-45CF-B2F5-FD060268BD32}.Mono-Debug|x64.Build.0 = Mono-Debug|x64
		{E9EBE8DA-CEE7-45CF-B2F5-FD060268BD32}.Mono-Debug|x86.ActiveCfg = Mono-Debug|x86
		{E9EBE8DA-CEE7-45CF-B2F5-FD060268BD32}.Mono-Debug|x86.Build.0 = Mono-Debug|x86
		{E9EBE8DA-CEE7-45CF-B2F5-FD060268BD32}.Mono-Release|x64.ActiveCfg = Mono-Release|x64
		{E9EBE8DA-CEE7-45CF-B2F5-FD060268BD32}.Mono-Release|x64.Build.0 = Mono-Release|x64
		{E9EBE8DA-CEE7-45CF-B2F5-FD060268BD32}.Mono-Release|x86.ActiveCfg = Mono-Release|x86
		{E9EBE8DA-CEE7-45CF-B2F5-FD060268BD32}.Mono-Release|x86.Build.0 = Mono-Release|x86
		{E9EBE8DA-CEE7-45CF-B2F5-FD060268BD32}.Release|x64.ActiveCfg = Release|x64
		{E9EBE8DA-CEE7-45CF-B2F5-FD060268BD32}.Release|x64.Build.0 = Release|x64
		{E9EBE8DA-CEE7-45CF-B2F5-FD060268BD32}.Release|x86.ActiveCfg = Release|x86
		{E9EBE8DA-CEE7-45CF-B2F5-FD060268BD32}.Release|x86.Build.0 = Release|x86
	EndGlobalSection
	GlobalSection(NestedProjects) = preSolution
		{18A1CAAD-C3E8-4A0E-B9DB-C0B0F3859128} = {8B00477A-BD08-422C-8ACF-BEA4A0004CEA}
		{B493EC79-3FD8-4F84-9BF8-69BDF3297DEA} = {8B00477A-BD08-422C-8ACF-BEA4A0004CEA}
		{A346B21F-17F6-431D-86B7-7B6B2AF02A13} = {8B00477A-BD08-422C-8ACF-BEA4A0004CEA}
		{CBAB674C-120D-4E4E-90CB-FCCC61B845B3} = {302D248E-FD07-4FF3-A935-38EAA7256379}
		{988DBA54-C500-47AF-B31C-BE12EA83E4AA} = {A82C6ED9-C26B-46A2-B168-5165F230C02B}
		{8BFD953F-8C81-4E6C-9113-6DC842F6488A} = {AD8E40DF-384D-4FF0-ABA9-91A956F38867}
		{9BDBD8CA-119B-4AA7-8B8E-9F0E5CFC2BE8} = {AD8E40DF-384D-4FF0-ABA9-91A956F38867}
		{062B6A8C-F14A-4754-81E0-66BF1E557CEF} = {AD8E40DF-384D-4FF0-ABA9-91A956F38867}
		{B16E08ED-1366-4EC9-9C7C-9D724EF2F3C2} = {AD8E40DF-384D-4FF0-ABA9-91A956F38867}
		{DE409C76-0C99-49AE-BB95-5CA1AD968B13} = {AD8E40DF-384D-4FF0-ABA9-91A956F38867}
		{BE632D14-8F0A-4789-BE7A-63D8024FB855} = {AD8E40DF-384D-4FF0-ABA9-91A956F38867}
		{E9EBE8DA-CEE7-45CF-B2F5-FD060268BD32} = {AD8E40DF-384D-4FF0-ABA9-91A956F38867}
		{1079D7FE-800A-409C-AE4D-9EC577DCE8DF} = {AD8E40DF-384D-4FF0-ABA9-91A956F38867}
		{E762D05E-DAA3-4D40-9547-5F8062312D8C} = {FE6B61BA-EE52-4FC0-95DF-7B093FE6BEDE}
	EndGlobalSection
	GlobalSection(MonoDevelopProperties) = preSolution
		StartupItem = Applications\Schumix\Schumix.csproj
	EndGlobalSection
	GlobalSection(SolutionProperties) = preSolution
		HideSolutionNode = FALSE
	EndGlobalSection
EndGlobal
